// !$*UTF8*$!
{
	archiveVersion = 1;
	classes = {
	};
	objectVersion = 48;
	objects = {

/* Begin PBXBuildFile section */
		2C58580C2413DDBC0008B0A3 /* ImplementstrStr.swift in Sources */ = {isa = PBXBuildFile; fileRef = 2C6846D81FBF44A700501ED7 /* ImplementstrStr.swift */; };
		2CE98BFA1F8BDC0A00DA9746 /* main.swift in Sources */ = {isa = PBXBuildFile; fileRef = 2CE98BF91F8BDC0A00DA9746 /* main.swift */; };
/* End PBXBuildFile section */

/* Begin PBXCopyFilesBuildPhase section */
		2CE98BDE1F8BA9E500DA9746 /* CopyFiles */ = {
			isa = PBXCopyFilesBuildPhase;
			buildActionMask = 2147483647;
			dstPath = /usr/share/man/man1/;
			dstSubfolderSpec = 0;
			files = (
			);
			runOnlyForDeploymentPostprocessing = 1;
		};
/* End PBXCopyFilesBuildPhase section */

/* Begin PBXFileReference section */
		2C29670522DF0ACF00EAC1DF /* CousinsInBinaryTree.swift */ = {isa = PBXFileReference; lastKnownFileType = sourcecode.swift; path = CousinsInBinaryTree.swift; sourceTree = "<group>"; };
		2C56D754240E1EA700940922 /* MovingAverageFromDataStream.swift */ = {isa = PBXFileReference; lastKnownFileType = sourcecode.swift; path = MovingAverageFromDataStream.swift; sourceTree = "<group>"; };
		2C585804241245930008B0A3 /* SpiralMatrix.swift */ = {isa = PBXFileReference; lastKnownFileType = sourcecode.swift; path = SpiralMatrix.swift; sourceTree = "<group>"; };
		2C58580724137C590008B0A3 /* Pascal'sTriangle.swift */ = {isa = PBXFileReference; lastKnownFileType = sourcecode.swift; path = "Pascal'sTriangle.swift"; sourceTree = "<group>"; };
		2C58580A2413943D0008B0A3 /* AddBinary.swift */ = {isa = PBXFileReference; lastKnownFileType = sourcecode.swift; path = AddBinary.swift; sourceTree = "<group>"; };
		2C636FEA1FAB19F1009B19F8 /* ConvertSortedArrayToBinarySearchTree.swift */ = {isa = PBXFileReference; lastKnownFileType = sourcecode.swift; path = ConvertSortedArrayToBinarySearchTree.swift; sourceTree = "<group>"; };
		2C636FED1FAC5D07009B19F8 /* MaximumProductOfThreeNumbers.swift */ = {isa = PBXFileReference; lastKnownFileType = sourcecode.swift; path = MaximumProductOfThreeNumbers.swift; sourceTree = "<group>"; };
		2C636FF01FAF271A009B19F8 /* FindKPairsWithSmallestSums.swift */ = {isa = PBXFileReference; lastKnownFileType = sourcecode.swift; path = FindKPairsWithSmallestSums.swift; sourceTree = "<group>"; };
		2C6370041FB0853E009B19F8 /* ReverseLinkedList.swift */ = {isa = PBXFileReference; lastKnownFileType = sourcecode.swift; path = ReverseLinkedList.swift; sourceTree = "<group>"; };
		2C6370071FB16781009B19F8 /* PlusOne.swift */ = {isa = PBXFileReference; lastKnownFileType = sourcecode.swift; path = PlusOne.swift; sourceTree = "<group>"; };
		2C6846D81FBF44A700501ED7 /* ImplementstrStr.swift */ = {isa = PBXFileReference; lastKnownFileType = sourcecode.swift; path = ImplementstrStr.swift; sourceTree = "<group>"; };
		2C6ECF34240D3E6F003782E1 /* DungeontheGame.swift */ = {isa = PBXFileReference; lastKnownFileType = sourcecode.swift; path = DungeontheGame.swift; sourceTree = "<group>"; };
		2C6ECF36240D4399003782E1 /* ReshapeTheMatrix.swift */ = {isa = PBXFileReference; lastKnownFileType = sourcecode.swift; path = ReshapeTheMatrix.swift; sourceTree = "<group>"; };
		2C80CA041FB60DA800474DC9 /* MergeTwoSortedLists.swift */ = {isa = PBXFileReference; lastKnownFileType = sourcecode.swift; path = MergeTwoSortedLists.swift; sourceTree = "<group>"; };
		2C80CA071FB8A27B00474DC9 /* IntegerToRoman.swift */ = {isa = PBXFileReference; lastKnownFileType = sourcecode.swift; path = IntegerToRoman.swift; sourceTree = "<group>"; };
		2C8481381FBB3C6800B3655B /* RomanToInteger.swift */ = {isa = PBXFileReference; lastKnownFileType = sourcecode.swift; path = RomanToInteger.swift; sourceTree = "<group>"; };
		2C85A8A222BA2B8C0053181E /* ZigZagConversion.swift */ = {isa = PBXFileReference; lastKnownFileType = sourcecode.swift; path = ZigZagConversion.swift; sourceTree = "<group>"; };
		2C85A8B822C35DDB0053181E /* AssignCookies.swift */ = {isa = PBXFileReference; lastKnownFileType = sourcecode.swift; path = AssignCookies.swift; sourceTree = "<group>"; };
		2C85A8BB22C368630053181E /* Candy.swift */ = {isa = PBXFileReference; lastKnownFileType = sourcecode.swift; path = Candy.swift; sourceTree = "<group>"; };
		2C99DEEC2410A69000354578 /* FindPivotIndex.swift */ = {isa = PBXFileReference; lastKnownFileType = sourcecode.swift; path = FindPivotIndex.swift; sourceTree = "<group>"; };
		2CD477B71FC6D47B00484D5E /* StringToInteger(atoi).swift */ = {isa = PBXFileReference; lastKnownFileType = sourcecode.swift; path = "StringToInteger(atoi).swift"; sourceTree = "<group>"; };
		2CD87583240B94A30001DA84 /* SumOfLeftLeaves.swift */ = {isa = PBXFileReference; lastKnownFileType = sourcecode.swift; path = SumOfLeftLeaves.swift; sourceTree = "<group>"; };
		2CD87585240B95910001DA84 /* HammingDistance.swift */ = {isa = PBXFileReference; lastKnownFileType = sourcecode.swift; path = HammingDistance.swift; sourceTree = "<group>"; };
		2CD87588240B96DC0001DA84 /* RobotReturnToOrigin.swift */ = {isa = PBXFileReference; lastKnownFileType = sourcecode.swift; path = RobotReturnToOrigin.swift; sourceTree = "<group>"; };
		2CE98BE01F8BA9E500DA9746 /* LeetCode.swift */ = {isa = PBXFileReference; explicitFileType = "compiled.mach-o.executable"; includeInIndex = 0; path = LeetCode.swift; sourceTree = BUILT_PRODUCTS_DIR; };
		2CE98BEC1F8BAA1200DA9746 /* TwoSum.swift */ = {isa = PBXFileReference; lastKnownFileType = sourcecode.swift; path = TwoSum.swift; sourceTree = "<group>"; };
		2CE98BEE1F8BAA1200DA9746 /* MaximumSubarray.swift */ = {isa = PBXFileReference; lastKnownFileType = sourcecode.swift; path = MaximumSubarray.swift; sourceTree = "<group>"; };
		2CE98BF01F8BAA1200DA9746 /* MaximumGap.swift */ = {isa = PBXFileReference; lastKnownFileType = sourcecode.swift; path = MaximumGap.swift; sourceTree = "<group>"; };
		2CE98BF41F8BB02F00DA9746 /* README.md */ = {isa = PBXFileReference; lastKnownFileType = net.daringfireball.markdown; name = README.md; path = ../README.md; sourceTree = "<group>"; };
		2CE98BF61F8BD4A100DA9746 /* AddTwoNumbers.swift */ = {isa = PBXFileReference; lastKnownFileType = sourcecode.swift; path = AddTwoNumbers.swift; sourceTree = "<group>"; };
		2CE98BF91F8BDC0A00DA9746 /* main.swift */ = {isa = PBXFileReference; lastKnownFileType = sourcecode.swift; path = main.swift; sourceTree = "<group>"; };
		2CE98BFD1F8CBB1A00DA9746 /* LongestSubstringWithoutRepeatingCharacters.swift */ = {isa = PBXFileReference; lastKnownFileType = sourcecode.swift; path = LongestSubstringWithoutRepeatingCharacters.swift; sourceTree = "<group>"; };
		2CE98C001F8D17EB00DA9746 /* MedianOfTwoSortedArrays.swift */ = {isa = PBXFileReference; lastKnownFileType = sourcecode.swift; path = MedianOfTwoSortedArrays.swift; sourceTree = "<group>"; };
		2CE98C141F9104CC00DA9746 /* MoveZeroes.swift */ = {isa = PBXFileReference; lastKnownFileType = sourcecode.swift; path = MoveZeroes.swift; sourceTree = "<group>"; };
		2CE98C171F939B6A00DA9746 /* WordBreak.swift */ = {isa = PBXFileReference; lastKnownFileType = sourcecode.swift; path = WordBreak.swift; sourceTree = "<group>"; };
		2CE98C1A1F93AB0D00DA9746 /* WordBreakII.swift */ = {isa = PBXFileReference; lastKnownFileType = sourcecode.swift; path = WordBreakII.swift; sourceTree = "<group>"; };
		2CFA25ED2410C4270090E6C3 /* LargestNumberAtLeastTwiceOfOthers.swift */ = {isa = PBXFileReference; lastKnownFileType = sourcecode.swift; path = LargestNumberAtLeastTwiceOfOthers.swift; sourceTree = "<group>"; };
		2CFA25F22410ED950090E6C3 /* DiagonalTraverse.swift */ = {isa = PBXFileReference; lastKnownFileType = sourcecode.swift; path = DiagonalTraverse.swift; sourceTree = "<group>"; };
/* End PBXFileReference section */

/* Begin PBXFrameworksBuildPhase section */
		2CE98BDD1F8BA9E500DA9746 /* Frameworks */ = {
			isa = PBXFrameworksBuildPhase;
			buildActionMask = 2147483647;
			files = (
			);
			runOnlyForDeploymentPostprocessing = 0;
		};
/* End PBXFrameworksBuildPhase section */

/* Begin PBXGroup section */
		2C29670422DF0A7C00EAC1DF /* 993_CousinsInBinaryTree */ = {
			isa = PBXGroup;
			children = (
				2C29670522DF0ACF00EAC1DF /* CousinsInBinaryTree.swift */,
			);
			path = 993_CousinsInBinaryTree;
			sourceTree = "<group>";
		};
		2C56D753240E1E6300940922 /* 346_MovingAverageFromDataStream */ = {
			isa = PBXGroup;
			children = (
				2C56D754240E1EA700940922 /* MovingAverageFromDataStream.swift */,
			);
			path = 346_MovingAverageFromDataStream;
			sourceTree = "<group>";
		};
		2C5858032412456D0008B0A3 /* 054_SpiralMatrix */ = {
			isa = PBXGroup;
			children = (
				2C585804241245930008B0A3 /* SpiralMatrix.swift */,
			);
			path = 054_SpiralMatrix;
			sourceTree = "<group>";
		};
		2C58580624137C400008B0A3 /* 118_ Pascal'sTriangle  */ = {
			isa = PBXGroup;
			children = (
				2C58580724137C590008B0A3 /* Pascal'sTriangle.swift */,
			);
			path = "118_ Pascal'sTriangle ";
			sourceTree = "<group>";
		};
		2C585809241394090008B0A3 /* 067_AddBinary */ = {
			isa = PBXGroup;
			children = (
				2C58580A2413943D0008B0A3 /* AddBinary.swift */,
			);
			path = 067_AddBinary;
			sourceTree = "<group>";
		};
		2C636FE91FAB19E7009B19F8 /* 108_ConvertSortedArrayToBinarySearchTree */ = {
			isa = PBXGroup;
			children = (
				2C636FEA1FAB19F1009B19F8 /* ConvertSortedArrayToBinarySearchTree.swift */,
			);
			path = 108_ConvertSortedArrayToBinarySearchTree;
			sourceTree = "<group>";
		};
		2C636FEC1FAC5CF5009B19F8 /* 628_MaximumProductOfThreeNumbers */ = {
			isa = PBXGroup;
			children = (
				2C636FED1FAC5D07009B19F8 /* MaximumProductOfThreeNumbers.swift */,
			);
			path = 628_MaximumProductOfThreeNumbers;
			sourceTree = "<group>";
		};
		2C636FEF1FAF2706009B19F8 /* 373_FindKPairsWithSmallestSums */ = {
			isa = PBXGroup;
			children = (
				2C636FF01FAF271A009B19F8 /* FindKPairsWithSmallestSums.swift */,
			);
			path = 373_FindKPairsWithSmallestSums;
			sourceTree = "<group>";
		};
		2C6370031FB0852A009B19F8 /* 206_ReverseLinkedList */ = {
			isa = PBXGroup;
			children = (
				2C6370041FB0853E009B19F8 /* ReverseLinkedList.swift */,
			);
			path = 206_ReverseLinkedList;
			sourceTree = "<group>";
		};
		2C6370061FB1675F009B19F8 /* 066_PlusOne */ = {
			isa = PBXGroup;
			children = (
				2C6370071FB16781009B19F8 /* PlusOne.swift */,
			);
			path = 066_PlusOne;
			sourceTree = "<group>";
		};
		2C6846D71FBF449600501ED7 /* 028_ImplementstrStr */ = {
			isa = PBXGroup;
			children = (
				2C6846D81FBF44A700501ED7 /* ImplementstrStr.swift */,
			);
			path = 028_ImplementstrStr;
			sourceTree = "<group>";
		};
		2C6ECF33240D3E13003782E1 /* 174_DungeontheGame */ = {
			isa = PBXGroup;
			children = (
				2C6ECF34240D3E6F003782E1 /* DungeontheGame.swift */,
			);
			path = 174_DungeontheGame;
			sourceTree = "<group>";
		};
		2C6ECF35240D4304003782E1 /* 566_ReshapeTheMatrix */ = {
			isa = PBXGroup;
			children = (
				2C6ECF36240D4399003782E1 /* ReshapeTheMatrix.swift */,
			);
			path = 566_ReshapeTheMatrix;
			sourceTree = "<group>";
		};
		2C80CA031FB60D7100474DC9 /* 021_MergeTwoSortedLists */ = {
			isa = PBXGroup;
			children = (
				2C80CA041FB60DA800474DC9 /* MergeTwoSortedLists.swift */,
			);
			path = 021_MergeTwoSortedLists;
			sourceTree = "<group>";
		};
		2C80CA061FB8A26600474DC9 /* 012_IntegerToRoman */ = {
			isa = PBXGroup;
			children = (
				2C80CA071FB8A27B00474DC9 /* IntegerToRoman.swift */,
			);
			path = 012_IntegerToRoman;
			sourceTree = "<group>";
		};
		2C8481371FBB3C4B00B3655B /* 013_RomanToInteger */ = {
			isa = PBXGroup;
			children = (
				2C8481381FBB3C6800B3655B /* RomanToInteger.swift */,
			);
			path = 013_RomanToInteger;
			sourceTree = "<group>";
		};
		2C85A8A122BA2B7C0053181E /* 006_ZigZagConversion */ = {
			isa = PBXGroup;
			children = (
				2C85A8A222BA2B8C0053181E /* ZigZagConversion.swift */,
			);
			path = 006_ZigZagConversion;
			sourceTree = "<group>";
		};
		2C85A8B722C35DAD0053181E /* 455_AssignCookies */ = {
			isa = PBXGroup;
			children = (
				2C85A8B822C35DDB0053181E /* AssignCookies.swift */,
			);
			path = 455_AssignCookies;
			sourceTree = "<group>";
		};
		2C85A8BA22C368500053181E /* 135_Candy */ = {
			isa = PBXGroup;
			children = (
				2C85A8BB22C368630053181E /* Candy.swift */,
			);
			path = 135_Candy;
			sourceTree = "<group>";
		};
		2C99DEEB2410A66100354578 /* 724_FindPivotIndex */ = {
			isa = PBXGroup;
			children = (
				2C99DEEC2410A69000354578 /* FindPivotIndex.swift */,
			);
			path = 724_FindPivotIndex;
			sourceTree = "<group>";
		};
		2CD477B61FC6D46A00484D5E /* 008_StringToInteger(atoi) */ = {
			isa = PBXGroup;
			children = (
				2CD477B71FC6D47B00484D5E /* StringToInteger(atoi).swift */,
			);
			path = "008_StringToInteger(atoi)";
			sourceTree = "<group>";
		};
		2CD87582240B94790001DA84 /* 404_SumOfLeftLeaves */ = {
			isa = PBXGroup;
			children = (
				2CD87583240B94A30001DA84 /* SumOfLeftLeaves.swift */,
			);
			path = 404_SumOfLeftLeaves;
			sourceTree = "<group>";
		};
		2CD87584240B95710001DA84 /* 461_HammingDistance */ = {
			isa = PBXGroup;
			children = (
				2CD87585240B95910001DA84 /* HammingDistance.swift */,
			);
			path = 461_HammingDistance;
			sourceTree = "<group>";
		};
		2CD87587240B96990001DA84 /* 657_RobotReturnToOrigin */ = {
			isa = PBXGroup;
			children = (
				2CD87588240B96DC0001DA84 /* RobotReturnToOrigin.swift */,
			);
			path = 657_RobotReturnToOrigin;
			sourceTree = "<group>";
		};
		2CE98BD71F8BA9E500DA9746 = {
			isa = PBXGroup;
			children = (
				2CE98BF91F8BDC0A00DA9746 /* main.swift */,
				2CE98BF41F8BB02F00DA9746 /* README.md */,
				2CE98BEA1F8BAA1200DA9746 /* Solution */,
				2CE98BE11F8BA9E500DA9746 /* Products */,
			);
			sourceTree = "<group>";
		};
		2CE98BE11F8BA9E500DA9746 /* Products */ = {
			isa = PBXGroup;
			children = (
				2CE98BE01F8BA9E500DA9746 /* LeetCode.swift */,
			);
			name = Products;
			sourceTree = "<group>";
		};
		2CE98BEA1F8BAA1200DA9746 /* Solution */ = {
			isa = PBXGroup;
			children = (
				2CE98BEB1F8BAA1200DA9746 /* 001_TwoSum */,
				2CE98BF51F8BD46500DA9746 /* 002_AddTwoNumbers */,
				2CE98BFC1F8CBB0300DA9746 /* 003_LongestSubstringWithoutRepeatingCharacters */,
				2CE98BFF1F8D17E200DA9746 /* 004_MedianOfTwoSortedArrays */,
				2C85A8A122BA2B7C0053181E /* 006_ZigZagConversion */,
				2CD477B61FC6D46A00484D5E /* 008_StringToInteger(atoi) */,
				2C80CA061FB8A26600474DC9 /* 012_IntegerToRoman */,
				2C8481371FBB3C4B00B3655B /* 013_RomanToInteger */,
				2C80CA031FB60D7100474DC9 /* 021_MergeTwoSortedLists */,
				2C6846D71FBF449600501ED7 /* 028_ImplementstrStr */,
				2CE98BED1F8BAA1200DA9746 /* 053_MaximumSubarray */,
				2C5858032412456D0008B0A3 /* 054_SpiralMatrix */,
				2C6370061FB1675F009B19F8 /* 066_PlusOne */,
				2C585809241394090008B0A3 /* 067_AddBinary */,
				2C636FE91FAB19E7009B19F8 /* 108_ConvertSortedArrayToBinarySearchTree */,
				2C58580624137C400008B0A3 /* 118_ Pascal'sTriangle  */,
				2C85A8BA22C368500053181E /* 135_Candy */,
				2CE98C161F939B5000DA9746 /* 139_WordBreak */,
				2CE98C191F93AAF100DA9746 /* 140_WordBreakII */,
				2CE98BEF1F8BAA1200DA9746 /* 164_MaximumGap */,
				2C6ECF33240D3E13003782E1 /* 174_DungeontheGame */,
				2C6370031FB0852A009B19F8 /* 206_ReverseLinkedList */,
				2CE98C131F9104A700DA9746 /* 283_MoveZeroes */,
				2C56D753240E1E6300940922 /* 346_MovingAverageFromDataStream */,
				2C636FEF1FAF2706009B19F8 /* 373_FindKPairsWithSmallestSums */,
				2CD87582240B94790001DA84 /* 404_SumOfLeftLeaves */,
				2C85A8B722C35DAD0053181E /* 455_AssignCookies */,
				2CD87584240B95710001DA84 /* 461_HammingDistance */,
				2CFA25F12410ED7C0090E6C3 /* 498_DiagonalTraverse */,
				2C6ECF35240D4304003782E1 /* 566_ReshapeTheMatrix */,
				2C636FEC1FAC5CF5009B19F8 /* 628_MaximumProductOfThreeNumbers */,
				2CD87587240B96990001DA84 /* 657_RobotReturnToOrigin */,
				2C99DEEB2410A66100354578 /* 724_FindPivotIndex */,
				2CFA25EC2410C4010090E6C3 /* 747_LargestNumberAtLeastTwiceOfOthers */,
				2C29670422DF0A7C00EAC1DF /* 993_CousinsInBinaryTree */,
			);
			path = Solution;
			sourceTree = "<group>";
		};
		2CE98BEB1F8BAA1200DA9746 /* 001_TwoSum */ = {
			isa = PBXGroup;
			children = (
				2CE98BEC1F8BAA1200DA9746 /* TwoSum.swift */,
			);
			path = 001_TwoSum;
			sourceTree = "<group>";
		};
		2CE98BED1F8BAA1200DA9746 /* 053_MaximumSubarray */ = {
			isa = PBXGroup;
			children = (
				2CE98BEE1F8BAA1200DA9746 /* MaximumSubarray.swift */,
			);
			path = 053_MaximumSubarray;
			sourceTree = "<group>";
		};
		2CE98BEF1F8BAA1200DA9746 /* 164_MaximumGap */ = {
			isa = PBXGroup;
			children = (
				2CE98BF01F8BAA1200DA9746 /* MaximumGap.swift */,
			);
			path = 164_MaximumGap;
			sourceTree = "<group>";
		};
		2CE98BF51F8BD46500DA9746 /* 002_AddTwoNumbers */ = {
			isa = PBXGroup;
			children = (
				2CE98BF61F8BD4A100DA9746 /* AddTwoNumbers.swift */,
			);
			path = 002_AddTwoNumbers;
			sourceTree = "<group>";
		};
		2CE98BFC1F8CBB0300DA9746 /* 003_LongestSubstringWithoutRepeatingCharacters */ = {
			isa = PBXGroup;
			children = (
				2CE98BFD1F8CBB1A00DA9746 /* LongestSubstringWithoutRepeatingCharacters.swift */,
			);
			path = 003_LongestSubstringWithoutRepeatingCharacters;
			sourceTree = "<group>";
		};
		2CE98BFF1F8D17E200DA9746 /* 004_MedianOfTwoSortedArrays */ = {
			isa = PBXGroup;
			children = (
				2CE98C001F8D17EB00DA9746 /* MedianOfTwoSortedArrays.swift */,
			);
			path = 004_MedianOfTwoSortedArrays;
			sourceTree = "<group>";
		};
		2CE98C131F9104A700DA9746 /* 283_MoveZeroes */ = {
			isa = PBXGroup;
			children = (
				2CE98C141F9104CC00DA9746 /* MoveZeroes.swift */,
			);
			path = 283_MoveZeroes;
			sourceTree = "<group>";
		};
		2CE98C161F939B5000DA9746 /* 139_WordBreak */ = {
			isa = PBXGroup;
			children = (
				2CE98C171F939B6A00DA9746 /* WordBreak.swift */,
			);
			path = 139_WordBreak;
			sourceTree = "<group>";
		};
		2CE98C191F93AAF100DA9746 /* 140_WordBreakII */ = {
			isa = PBXGroup;
			children = (
				2CE98C1A1F93AB0D00DA9746 /* WordBreakII.swift */,
			);
			path = 140_WordBreakII;
			sourceTree = "<group>";
		};
		2CFA25EC2410C4010090E6C3 /* 747_LargestNumberAtLeastTwiceOfOthers */ = {
			isa = PBXGroup;
			children = (
				2CFA25ED2410C4270090E6C3 /* LargestNumberAtLeastTwiceOfOthers.swift */,
			);
			path = 747_LargestNumberAtLeastTwiceOfOthers;
			sourceTree = "<group>";
		};
		2CFA25F12410ED7C0090E6C3 /* 498_DiagonalTraverse */ = {
			isa = PBXGroup;
			children = (
				2CFA25F22410ED950090E6C3 /* DiagonalTraverse.swift */,
			);
			path = 498_DiagonalTraverse;
			sourceTree = "<group>";
		};
/* End PBXGroup section */

/* Begin PBXNativeTarget section */
		2CE98BDF1F8BA9E500DA9746 /* LeetCode.swift */ = {
			isa = PBXNativeTarget;
			buildConfigurationList = 2CE98BE71F8BA9E500DA9746 /* Build configuration list for PBXNativeTarget "LeetCode.swift" */;
			buildPhases = (
				2CE98BDC1F8BA9E500DA9746 /* Sources */,
				2CE98BDD1F8BA9E500DA9746 /* Frameworks */,
				2CE98BDE1F8BA9E500DA9746 /* CopyFiles */,
			);
			buildRules = (
			);
			dependencies = (
			);
			name = LeetCode.swift;
			productName = LeetCode.swift;
			productReference = 2CE98BE01F8BA9E500DA9746 /* LeetCode.swift */;
			productType = "com.apple.product-type.tool";
		};
/* End PBXNativeTarget section */

/* Begin PBXProject section */
		2CE98BD81F8BA9E500DA9746 /* Project object */ = {
			isa = PBXProject;
			attributes = {
				LastSwiftUpdateCheck = 0900;
				LastUpgradeCheck = 1130;
				ORGANIZATIONNAME = "Suzhou Coryphaei Information&Technology Co., Ltd";
				TargetAttributes = {
					2CE98BDF1F8BA9E500DA9746 = {
						CreatedOnToolsVersion = 9.0;
						LastSwiftMigration = 1130;
						ProvisioningStyle = Automatic;
					};
				};
			};
			buildConfigurationList = 2CE98BDB1F8BA9E500DA9746 /* Build configuration list for PBXProject "LeetCode.swift" */;
			compatibilityVersion = "Xcode 8.0";
			developmentRegion = en;
			hasScannedForEncodings = 0;
			knownRegions = (
				en,
				Base,
			);
			mainGroup = 2CE98BD71F8BA9E500DA9746;
			productRefGroup = 2CE98BE11F8BA9E500DA9746 /* Products */;
			projectDirPath = "";
			projectRoot = "";
			targets = (
				2CE98BDF1F8BA9E500DA9746 /* LeetCode.swift */,
			);
		};
/* End PBXProject section */

/* Begin PBXSourcesBuildPhase section */
		2CE98BDC1F8BA9E500DA9746 /* Sources */ = {
			isa = PBXSourcesBuildPhase;
			buildActionMask = 2147483647;
			files = (
				2CE98BFA1F8BDC0A00DA9746 /* main.swift in Sources */,
				2C58580C2413DDBC0008B0A3 /* ImplementstrStr.swift in Sources */,
			);
			runOnlyForDeploymentPostprocessing = 0;
		};
/* End PBXSourcesBuildPhase section */

/* Begin XCBuildConfiguration section */
		2CE98BE51F8BA9E500DA9746 /* Debug */ = {
			isa = XCBuildConfiguration;
			buildSettings = {
				ALWAYS_SEARCH_USER_PATHS = NO;
				CLANG_ANALYZER_NONNULL = YES;
				CLANG_ANALYZER_NUMBER_OBJECT_CONVERSION = YES_AGGRESSIVE;
				CLANG_CXX_LANGUAGE_STANDARD = "gnu++14";
				CLANG_CXX_LIBRARY = "libc++";
				CLANG_ENABLE_MODULES = YES;
				CLANG_ENABLE_OBJC_ARC = YES;
				CLANG_WARN_BLOCK_CAPTURE_AUTORELEASING = YES;
				CLANG_WARN_BOOL_CONVERSION = YES;
				CLANG_WARN_COMMA = YES;
				CLANG_WARN_CONSTANT_CONVERSION = YES;
				CLANG_WARN_DEPRECATED_OBJC_IMPLEMENTATIONS = YES;
				CLANG_WARN_DIRECT_OBJC_ISA_USAGE = YES_ERROR;
				CLANG_WARN_DOCUMENTATION_COMMENTS = YES;
				CLANG_WARN_EMPTY_BODY = YES;
				CLANG_WARN_ENUM_CONVERSION = YES;
				CLANG_WARN_INFINITE_RECURSION = YES;
				CLANG_WARN_INT_CONVERSION = YES;
				CLANG_WARN_NON_LITERAL_NULL_CONVERSION = YES;
				CLANG_WARN_OBJC_IMPLICIT_RETAIN_SELF = YES;
				CLANG_WARN_OBJC_LITERAL_CONVERSION = YES;
				CLANG_WARN_OBJC_ROOT_CLASS = YES_ERROR;
				CLANG_WARN_RANGE_LOOP_ANALYSIS = YES;
				CLANG_WARN_STRICT_PROTOTYPES = YES;
				CLANG_WARN_SUSPICIOUS_MOVE = YES;
				CLANG_WARN_UNGUARDED_AVAILABILITY = YES_AGGRESSIVE;
				CLANG_WARN_UNREACHABLE_CODE = YES;
				CLANG_WARN__DUPLICATE_METHOD_MATCH = YES;
				CODE_SIGN_IDENTITY = "Mac Developer";
				COPY_PHASE_STRIP = NO;
				DEBUG_INFORMATION_FORMAT = dwarf;
				ENABLE_STRICT_OBJC_MSGSEND = YES;
				ENABLE_TESTABILITY = YES;
				GCC_C_LANGUAGE_STANDARD = gnu11;
				GCC_DYNAMIC_NO_PIC = NO;
				GCC_NO_COMMON_BLOCKS = YES;
				GCC_OPTIMIZATION_LEVEL = 0;
				GCC_PREPROCESSOR_DEFINITIONS = (
					"DEBUG=1",
					"$(inherited)",
				);
				GCC_WARN_64_TO_32_BIT_CONVERSION = YES;
				GCC_WARN_ABOUT_RETURN_TYPE = YES_ERROR;
				GCC_WARN_UNDECLARED_SELECTOR = YES;
				GCC_WARN_UNINITIALIZED_AUTOS = YES_AGGRESSIVE;
				GCC_WARN_UNUSED_FUNCTION = YES;
				GCC_WARN_UNUSED_VARIABLE = YES;
				MACOSX_DEPLOYMENT_TARGET = 10.15;
				MTL_ENABLE_DEBUG_INFO = YES;
				ONLY_ACTIVE_ARCH = YES;
				SDKROOT = macosx;
				SWIFT_ACTIVE_COMPILATION_CONDITIONS = DEBUG;
				SWIFT_OPTIMIZATION_LEVEL = "-Onone";
			};
			name = Debug;
		};
		2CE98BE61F8BA9E500DA9746 /* Release */ = {
			isa = XCBuildConfiguration;
			buildSettings = {
				ALWAYS_SEARCH_USER_PATHS = NO;
				CLANG_ANALYZER_NONNULL = YES;
				CLANG_ANALYZER_NUMBER_OBJECT_CONVERSION = YES_AGGRESSIVE;
				CLANG_CXX_LANGUAGE_STANDARD = "gnu++14";
				CLANG_CXX_LIBRARY = "libc++";
				CLANG_ENABLE_MODULES = YES;
				CLANG_ENABLE_OBJC_ARC = YES;
				CLANG_WARN_BLOCK_CAPTURE_AUTORELEASING = YES;
				CLANG_WARN_BOOL_CONVERSION = YES;
				CLANG_WARN_COMMA = YES;
				CLANG_WARN_CONSTANT_CONVERSION = YES;
				CLANG_WARN_DEPRECATED_OBJC_IMPLEMENTATIONS = YES;
				CLANG_WARN_DIRECT_OBJC_ISA_USAGE = YES_ERROR;
				CLANG_WARN_DOCUMENTATION_COMMENTS = YES;
				CLANG_WARN_EMPTY_BODY = YES;
				CLANG_WARN_ENUM_CONVERSION = YES;
				CLANG_WARN_INFINITE_RECURSION = YES;
				CLANG_WARN_INT_CONVERSION = YES;
				CLANG_WARN_NON_LITERAL_NULL_CONVERSION = YES;
				CLANG_WARN_OBJC_IMPLICIT_RETAIN_SELF = YES;
				CLANG_WARN_OBJC_LITERAL_CONVERSION = YES;
				CLANG_WARN_OBJC_ROOT_CLASS = YES_ERROR;
				CLANG_WARN_RANGE_LOOP_ANALYSIS = YES;
				CLANG_WARN_STRICT_PROTOTYPES = YES;
				CLANG_WARN_SUSPICIOUS_MOVE = YES;
				CLANG_WARN_UNGUARDED_AVAILABILITY = YES_AGGRESSIVE;
				CLANG_WARN_UNREACHABLE_CODE = YES;
				CLANG_WARN__DUPLICATE_METHOD_MATCH = YES;
				CODE_SIGN_IDENTITY = "Mac Developer";
				COPY_PHASE_STRIP = NO;
				DEBUG_INFORMATION_FORMAT = "dwarf-with-dsym";
				ENABLE_NS_ASSERTIONS = NO;
				ENABLE_STRICT_OBJC_MSGSEND = YES;
				GCC_C_LANGUAGE_STANDARD = gnu11;
				GCC_NO_COMMON_BLOCKS = YES;
				GCC_WARN_64_TO_32_BIT_CONVERSION = YES;
				GCC_WARN_ABOUT_RETURN_TYPE = YES_ERROR;
				GCC_WARN_UNDECLARED_SELECTOR = YES;
				GCC_WARN_UNINITIALIZED_AUTOS = YES_AGGRESSIVE;
				GCC_WARN_UNUSED_FUNCTION = YES;
				GCC_WARN_UNUSED_VARIABLE = YES;
				MACOSX_DEPLOYMENT_TARGET = 10.15;
				MTL_ENABLE_DEBUG_INFO = NO;
				SDKROOT = macosx;
				SWIFT_OPTIMIZATION_LEVEL = "-Owholemodule";
			};
			name = Release;
		};
		2CE98BE81F8BA9E500DA9746 /* Debug */ = {
			isa = XCBuildConfiguration;
			buildSettings = {
				CLANG_ENABLE_MODULES = YES;
				CODE_SIGN_IDENTITY = "-";
				CODE_SIGN_STYLE = Automatic;
				DEVELOPMENT_TEAM = 3WTM5PLDUE;
				LD_RUNPATH_SEARCH_PATHS = "$(inherited) @executable_path/../Frameworks @loader_path/../Frameworks";
				PRODUCT_NAME = "$(TARGET_NAME)";
				SWIFT_OPTIMIZATION_LEVEL = "-Onone";
				SWIFT_VERSION = 5.0;
			};
			name = Debug;
		};
		2CE98BE91F8BA9E500DA9746 /* Release */ = {
			isa = XCBuildConfiguration;
			buildSettings = {
				CLANG_ENABLE_MODULES = YES;
				CODE_SIGN_IDENTITY = "-";
				CODE_SIGN_STYLE = Automatic;
				DEVELOPMENT_TEAM = 3WTM5PLDUE;
				LD_RUNPATH_SEARCH_PATHS = "$(inherited) @executable_path/../Frameworks @loader_path/../Frameworks";
				PRODUCT_NAME = "$(TARGET_NAME)";
				SWIFT_VERSION = 5.0;
			};
			name = Release;
		};
/* End XCBuildConfiguration section */

/* Begin XCConfigurationList section */
		2CE98BDB1F8BA9E500DA9746 /* Build configuration list for PBXProject "LeetCode.swift" */ = {
			isa = XCConfigurationList;
			buildConfigurations = (
				2CE98BE51F8BA9E500DA9746 /* Debug */,
				2CE98BE61F8BA9E500DA9746 /* Release */,
			);
			defaultConfigurationIsVisible = 0;
			defaultConfigurationName = Release;
		};
		2CE98BE71F8BA9E500DA9746 /* Build configuration list for PBXNativeTarget "LeetCode.swift" */ = {
			isa = XCConfigurationList;
			buildConfigurations = (
				2CE98BE81F8BA9E500DA9746 /* Debug */,
				2CE98BE91F8BA9E500DA9746 /* Release */,
			);
			defaultConfigurationIsVisible = 0;
			defaultConfigurationName = Release;
		};
/* End XCConfigurationList section */
	};
	rootObject = 2CE98BD81F8BA9E500DA9746 /* Project object */;
}
