// !$*UTF8*$!
{
	archiveVersion = 1;
	classes = {
	};
	objectVersion = 48;
	objects = {

/* Begin PBXBuildFile section */
		2C49B94D24BBEE6300F390B0 /* 350_IntersectionOfTwoArraysII.swift in Sources */ = {isa = PBXBuildFile; fileRef = 2C49B94C24BBEE6300F390B0 /* 350_IntersectionOfTwoArraysII.swift */; };
		2CE98BFA1F8BDC0A00DA9746 /* main.swift in Sources */ = {isa = PBXBuildFile; fileRef = 2CE98BF91F8BDC0A00DA9746 /* main.swift */; };
/* End PBXBuildFile section */

/* Begin PBXCopyFilesBuildPhase section */
		2CE98BDE1F8BA9E500DA9746 /* CopyFiles */ = {
			isa = PBXCopyFilesBuildPhase;
			buildActionMask = 2147483647;
			dstPath = /usr/share/man/man1/;
			dstSubfolderSpec = 0;
			files = (
			);
			runOnlyForDeploymentPostprocessing = 1;
		};
/* End PBXCopyFilesBuildPhase section */

/* Begin PBXFileReference section */
		2C044FFD24434A22007EBB9D /* MaximumDepthOfBinaryTree.swift */ = {isa = PBXFileReference; lastKnownFileType = sourcecode.swift; path = MaximumDepthOfBinaryTree.swift; sourceTree = "<group>"; };
		2C04500024434EE6007EBB9D /* SymmetricTree.swift */ = {isa = PBXFileReference; lastKnownFileType = sourcecode.swift; path = SymmetricTree.swift; sourceTree = "<group>"; };
		2C04500324436043007EBB9D /* PathSum.swift */ = {isa = PBXFileReference; lastKnownFileType = sourcecode.swift; path = PathSum.swift; sourceTree = "<group>"; };
		2C0B5EFD241A3BC1003BA64B /* OddEvenLinkedList.swift */ = {isa = PBXFileReference; lastKnownFileType = sourcecode.swift; path = OddEvenLinkedList.swift; sourceTree = "<group>"; };
		2C29670522DF0ACF00EAC1DF /* CousinsInBinaryTree.swift */ = {isa = PBXFileReference; lastKnownFileType = sourcecode.swift; path = CousinsInBinaryTree.swift; sourceTree = "<group>"; };
		2C31C0B424A879AF00868283 /* NumberOf1Bits.swift */ = {isa = PBXFileReference; lastKnownFileType = sourcecode.swift; path = NumberOf1Bits.swift; sourceTree = "<group>"; };
		2C31C0B724A8834E00868283 /* powx-n.swift */ = {isa = PBXFileReference; lastKnownFileType = sourcecode.swift; path = "powx-n.swift"; sourceTree = "<group>"; };
		2C49B94C24BBEE6300F390B0 /* 350_IntersectionOfTwoArraysII.swift */ = {isa = PBXFileReference; lastKnownFileType = sourcecode.swift; path = 350_IntersectionOfTwoArraysII.swift; sourceTree = "<group>"; };
		2C4BCA6F24627AE000A7FEB1 /* PopulatingNextRightPointersInEachNode.swift */ = {isa = PBXFileReference; lastKnownFileType = sourcecode.swift; path = PopulatingNextRightPointersInEachNode.swift; sourceTree = "<group>"; };
		2C4BCA7224627FEC00A7FEB1 /* PopulatingNextRightPointersInEachNodeII.swift */ = {isa = PBXFileReference; lastKnownFileType = sourcecode.swift; path = PopulatingNextRightPointersInEachNodeII.swift; sourceTree = "<group>"; };
		2C4BCA7524628DEC00A7FEB1 /* LowestCommonAncestorOfABinaryTree.swift */ = {isa = PBXFileReference; lastKnownFileType = sourcecode.swift; path = LowestCommonAncestorOfABinaryTree.swift; sourceTree = "<group>"; };
		2C4BCA78246296E400A7FEB1 /* SerializeAndDeserializeBST.swift */ = {isa = PBXFileReference; lastKnownFileType = sourcecode.swift; path = SerializeAndDeserializeBST.swift; sourceTree = "<group>"; };
		2C4BCA7B2462A09C00A7FEB1 /* SerializeAndDeserializeBinaryTree.swift */ = {isa = PBXFileReference; lastKnownFileType = sourcecode.swift; path = SerializeAndDeserializeBinaryTree.swift; sourceTree = "<group>"; };
		2C56D754240E1EA700940922 /* MovingAverageFromDataStream.swift */ = {isa = PBXFileReference; lastKnownFileType = sourcecode.swift; path = MovingAverageFromDataStream.swift; sourceTree = "<group>"; };
		2C585804241245930008B0A3 /* SpiralMatrix.swift */ = {isa = PBXFileReference; lastKnownFileType = sourcecode.swift; path = SpiralMatrix.swift; sourceTree = "<group>"; };
		2C58580724137C590008B0A3 /* Pascal'sTriangle.swift */ = {isa = PBXFileReference; lastKnownFileType = sourcecode.swift; path = "Pascal'sTriangle.swift"; sourceTree = "<group>"; };
		2C58580A2413943D0008B0A3 /* AddBinary.swift */ = {isa = PBXFileReference; lastKnownFileType = sourcecode.swift; path = AddBinary.swift; sourceTree = "<group>"; };
		2C58580E2413F22A0008B0A3 /* LongestCommonPrefix.swift */ = {isa = PBXFileReference; lastKnownFileType = sourcecode.swift; path = LongestCommonPrefix.swift; sourceTree = "<group>"; };
		2C5858112413F75A0008B0A3 /* ReverseString.swift */ = {isa = PBXFileReference; lastKnownFileType = sourcecode.swift; path = ReverseString.swift; sourceTree = "<group>"; };
		2C5858142413FE200008B0A3 /* ArrayPartitionI.swift */ = {isa = PBXFileReference; lastKnownFileType = sourcecode.swift; path = ArrayPartitionI.swift; sourceTree = "<group>"; };
		2C5858172414A99E0008B0A3 /* TwoSumII.swift */ = {isa = PBXFileReference; lastKnownFileType = sourcecode.swift; path = TwoSumII.swift; sourceTree = "<group>"; };
		2C58581A2414B8F80008B0A3 /* RemoveElement.swift */ = {isa = PBXFileReference; lastKnownFileType = sourcecode.swift; path = RemoveElement.swift; sourceTree = "<group>"; };
		2C58581D2414BBA10008B0A3 /* MaxConsecutiveOnes.swift */ = {isa = PBXFileReference; lastKnownFileType = sourcecode.swift; path = MaxConsecutiveOnes.swift; sourceTree = "<group>"; };
		2C5858202414C4480008B0A3 /* MinimumSizeSubarraySum.swift */ = {isa = PBXFileReference; lastKnownFileType = sourcecode.swift; path = MinimumSizeSubarraySum.swift; sourceTree = "<group>"; };
		2C585823241521880008B0A3 /* RotateArray.swift */ = {isa = PBXFileReference; lastKnownFileType = sourcecode.swift; path = RotateArray.swift; sourceTree = "<group>"; };
		2C585826241536790008B0A3 /* Pascal'sTriangleII.swift */ = {isa = PBXFileReference; lastKnownFileType = sourcecode.swift; path = "Pascal'sTriangleII.swift"; sourceTree = "<group>"; };
		2C585829241539A80008B0A3 /* ReverseWordsInAString.swift */ = {isa = PBXFileReference; lastKnownFileType = sourcecode.swift; path = ReverseWordsInAString.swift; sourceTree = "<group>"; };
		2C58582C241541140008B0A3 /* ReverseWordsInAStringIII.swift */ = {isa = PBXFileReference; lastKnownFileType = sourcecode.swift; path = ReverseWordsInAStringIII.swift; sourceTree = "<group>"; };
		2C58582F2415447B0008B0A3 /* RemoveDuplicatesFromSortedArray.swift */ = {isa = PBXFileReference; lastKnownFileType = sourcecode.swift; path = RemoveDuplicatesFromSortedArray.swift; sourceTree = "<group>"; };
		2C5FA26B245ABE8200E710DD /* ConstructBinaryTreeFromInorderAndPostorderTraversal.swift */ = {isa = PBXFileReference; lastKnownFileType = sourcecode.swift; path = ConstructBinaryTreeFromInorderAndPostorderTraversal.swift; sourceTree = "<group>"; };
		2C5FA26E245C45AB00E710DD /* ConstructBinaryTreeFromPreorderAndInorderTraversal.swift */ = {isa = PBXFileReference; lastKnownFileType = sourcecode.swift; path = ConstructBinaryTreeFromPreorderAndInorderTraversal.swift; sourceTree = "<group>"; };
		2C636FEA1FAB19F1009B19F8 /* 108_ConvertSortedArrayToBinarySearchTree.swift */ = {isa = PBXFileReference; lastKnownFileType = sourcecode.swift; path = 108_ConvertSortedArrayToBinarySearchTree.swift; sourceTree = "<group>"; };
		2C636FED1FAC5D07009B19F8 /* MaximumProductOfThreeNumbers.swift */ = {isa = PBXFileReference; lastKnownFileType = sourcecode.swift; path = MaximumProductOfThreeNumbers.swift; sourceTree = "<group>"; };
		2C636FF01FAF271A009B19F8 /* FindKPairsWithSmallestSums.swift */ = {isa = PBXFileReference; lastKnownFileType = sourcecode.swift; path = FindKPairsWithSmallestSums.swift; sourceTree = "<group>"; };
		2C6370041FB0853E009B19F8 /* ReverseLinkedList.swift */ = {isa = PBXFileReference; lastKnownFileType = sourcecode.swift; path = ReverseLinkedList.swift; sourceTree = "<group>"; };
		2C6370071FB16781009B19F8 /* PlusOne.swift */ = {isa = PBXFileReference; lastKnownFileType = sourcecode.swift; path = PlusOne.swift; sourceTree = "<group>"; };
		2C6846D81FBF44A700501ED7 /* ImplementstrStr.swift */ = {isa = PBXFileReference; lastKnownFileType = sourcecode.swift; path = ImplementstrStr.swift; sourceTree = "<group>"; };
		2C6BC9AB24B0B4610047971E /* 032_LongestValidParentheses.swift */ = {isa = PBXFileReference; lastKnownFileType = sourcecode.swift; path = 032_LongestValidParentheses.swift; sourceTree = "<group>"; };
		2C6CACAE243737250022BB66 /* CopyListWithRandomPointer.swift */ = {isa = PBXFileReference; lastKnownFileType = sourcecode.swift; path = CopyListWithRandomPointer.swift; sourceTree = "<group>"; };
		2C6CACB1243745890022BB66 /* RotateList.swift */ = {isa = PBXFileReference; lastKnownFileType = sourcecode.swift; path = RotateList.swift; sourceTree = "<group>"; };
		2C6ECF34240D3E6F003782E1 /* DungeontheGame.swift */ = {isa = PBXFileReference; lastKnownFileType = sourcecode.swift; path = DungeontheGame.swift; sourceTree = "<group>"; };
		2C6ECF36240D4399003782E1 /* ReshapeTheMatrix.swift */ = {isa = PBXFileReference; lastKnownFileType = sourcecode.swift; path = ReshapeTheMatrix.swift; sourceTree = "<group>"; };
		2C80CA041FB60DA800474DC9 /* MergeTwoSortedLists.swift */ = {isa = PBXFileReference; lastKnownFileType = sourcecode.swift; path = MergeTwoSortedLists.swift; sourceTree = "<group>"; };
		2C80CA071FB8A27B00474DC9 /* IntegerToRoman.swift */ = {isa = PBXFileReference; lastKnownFileType = sourcecode.swift; path = IntegerToRoman.swift; sourceTree = "<group>"; };
		2C8481381FBB3C6800B3655B /* RomanToInteger.swift */ = {isa = PBXFileReference; lastKnownFileType = sourcecode.swift; path = RomanToInteger.swift; sourceTree = "<group>"; };
		2C85A8A222BA2B8C0053181E /* ZigZagConversion.swift */ = {isa = PBXFileReference; lastKnownFileType = sourcecode.swift; path = ZigZagConversion.swift; sourceTree = "<group>"; };
		2C85A8B822C35DDB0053181E /* AssignCookies.swift */ = {isa = PBXFileReference; lastKnownFileType = sourcecode.swift; path = AssignCookies.swift; sourceTree = "<group>"; };
		2C85A8BB22C368630053181E /* Candy.swift */ = {isa = PBXFileReference; lastKnownFileType = sourcecode.swift; path = Candy.swift; sourceTree = "<group>"; };
		2C99DEEC2410A69000354578 /* FindPivotIndex.swift */ = {isa = PBXFileReference; lastKnownFileType = sourcecode.swift; path = FindPivotIndex.swift; sourceTree = "<group>"; };
		2C9C592B244050C4001E4819 /* BinaryTreePreorderTraversal.swift */ = {isa = PBXFileReference; lastKnownFileType = sourcecode.swift; path = BinaryTreePreorderTraversal.swift; sourceTree = "<group>"; };
		2C9C592E24406034001E4819 /* BinaryTreeInorderTraversal.swift */ = {isa = PBXFileReference; lastKnownFileType = sourcecode.swift; path = BinaryTreeInorderTraversal.swift; sourceTree = "<group>"; };
		2C9C59312440717A001E4819 /* BinaryTreePostorderTraversal.swift */ = {isa = PBXFileReference; lastKnownFileType = sourcecode.swift; path = BinaryTreePostorderTraversal.swift; sourceTree = "<group>"; };
		2C9C593524407A3B001E4819 /* BinaryTreeLevelOrderTraversal.swift */ = {isa = PBXFileReference; lastKnownFileType = sourcecode.swift; path = BinaryTreeLevelOrderTraversal.swift; sourceTree = "<group>"; };
		2C9DD5382438CAF900E5DB62 /* MinStack.swift */ = {isa = PBXFileReference; lastKnownFileType = sourcecode.swift; path = MinStack.swift; sourceTree = "<group>"; };
		2C9DD53B2438D2A100E5DB62 /* ValidParentheses.swift */ = {isa = PBXFileReference; lastKnownFileType = sourcecode.swift; path = ValidParentheses.swift; sourceTree = "<group>"; };
		2C9DD53E2438E05500E5DB62 /* DailyTemperatures.swift */ = {isa = PBXFileReference; lastKnownFileType = sourcecode.swift; path = DailyTemperatures.swift; sourceTree = "<group>"; };
		2C9DD541243A077A00E5DB62 /* EvaluateReversePolishNotation.swift */ = {isa = PBXFileReference; lastKnownFileType = sourcecode.swift; path = EvaluateReversePolishNotation.swift; sourceTree = "<group>"; };
		2C9DD544243A261700E5DB62 /* NumberOfIslands.swift */ = {isa = PBXFileReference; lastKnownFileType = sourcecode.swift; path = NumberOfIslands.swift; sourceTree = "<group>"; };
		2C9DD547243B2DF400E5DB62 /* ImplementStackUsingQueues.swift */ = {isa = PBXFileReference; lastKnownFileType = sourcecode.swift; path = ImplementStackUsingQueues.swift; sourceTree = "<group>"; };
		2C9DD54D243CB8F600E5DB62 /* ImplementQueueUsingStacks.swift */ = {isa = PBXFileReference; lastKnownFileType = sourcecode.swift; path = ImplementQueueUsingStacks.swift; sourceTree = "<group>"; };
		2C9DD550243CBED300E5DB62 /* DecodeString.swift */ = {isa = PBXFileReference; lastKnownFileType = sourcecode.swift; path = DecodeString.swift; sourceTree = "<group>"; };
		2CA0BED124B1C4FD005C5ACE /* 044_WildcardMatching.swift */ = {isa = PBXFileReference; lastKnownFileType = sourcecode.swift; path = 044_WildcardMatching.swift; sourceTree = "<group>"; };
		2CA0BED324B2B885005C5ACE /* 063_UniquePathsII.swift */ = {isa = PBXFileReference; lastKnownFileType = sourcecode.swift; path = 063_UniquePathsII.swift; sourceTree = "<group>"; };
		2CA6E4AB241B2A8E009D9757 /* PalindromeLinkedList.swift */ = {isa = PBXFileReference; lastKnownFileType = sourcecode.swift; path = PalindromeLinkedList.swift; sourceTree = "<group>"; };
		2CA6E4AE241F8418009D9757 /* FlattenAMultilevelDoublyLinkedList.swift */ = {isa = PBXFileReference; lastKnownFileType = sourcecode.swift; path = FlattenAMultilevelDoublyLinkedList.swift; sourceTree = "<group>"; };
		2CAF8B0424AEBDFE00CFDF6C /* 378_KthSmallestElementInASortedMatrix.swift */ = {isa = PBXFileReference; lastKnownFileType = sourcecode.swift; path = 378_KthSmallestElementInASortedMatrix.swift; sourceTree = "<group>"; };
		2CC3B0DE24A34B59007F5E00 /* WordSearch.swift */ = {isa = PBXFileReference; lastKnownFileType = sourcecode.swift; path = WordSearch.swift; sourceTree = "<group>"; };
		2CC3B0E124A62B79007F5E00 /* IntegerBreak.swift */ = {isa = PBXFileReference; lastKnownFileType = sourcecode.swift; path = IntegerBreak.swift; sourceTree = "<group>"; };
		2CCE94F82418729E00F6AD1A /* DesignLinkedList.swift */ = {isa = PBXFileReference; lastKnownFileType = sourcecode.swift; path = DesignLinkedList.swift; sourceTree = "<group>"; };
		2CCE94FB24188E8B00F6AD1A /* LinkedListCycle.swift */ = {isa = PBXFileReference; lastKnownFileType = sourcecode.swift; path = LinkedListCycle.swift; sourceTree = "<group>"; };
		2CCE94FE24188EC400F6AD1A /* LinkedListCycleII.swift */ = {isa = PBXFileReference; lastKnownFileType = sourcecode.swift; path = LinkedListCycleII.swift; sourceTree = "<group>"; };
		2CCE95012419C7F900F6AD1A /* IntersectionOfTwoLinkedLists.swift */ = {isa = PBXFileReference; lastKnownFileType = sourcecode.swift; path = IntersectionOfTwoLinkedLists.swift; sourceTree = "<group>"; };
		2CCE95042419D82100F6AD1A /* RemoveNthNodeFromEndOfList.swift */ = {isa = PBXFileReference; lastKnownFileType = sourcecode.swift; path = RemoveNthNodeFromEndOfList.swift; sourceTree = "<group>"; };
		2CCE9507241A0AE800F6AD1A /* RemoveLinkedListElements.swift */ = {isa = PBXFileReference; lastKnownFileType = sourcecode.swift; path = RemoveLinkedListElements.swift; sourceTree = "<group>"; };
		2CD477B71FC6D47B00484D5E /* StringToInteger(atoi).swift */ = {isa = PBXFileReference; lastKnownFileType = sourcecode.swift; path = "StringToInteger(atoi).swift"; sourceTree = "<group>"; };
		2CD6172624A04EC0000F6B25 /* SearchA2DMatrixII.swift */ = {isa = PBXFileReference; lastKnownFileType = sourcecode.swift; path = SearchA2DMatrixII.swift; sourceTree = "<group>"; };
		2CD6172924A08C50000F6B25 /* FibonacciNumber.swift */ = {isa = PBXFileReference; lastKnownFileType = sourcecode.swift; path = FibonacciNumber.swift; sourceTree = "<group>"; };
		2CD6172C24A09308000F6B25 /* ClimbingStairs.swift */ = {isa = PBXFileReference; lastKnownFileType = sourcecode.swift; path = ClimbingStairs.swift; sourceTree = "<group>"; };
		2CD6172F24A0A6BC000F6B25 /* FindMinimumInRotatedSortedArray.swift */ = {isa = PBXFileReference; lastKnownFileType = sourcecode.swift; path = FindMinimumInRotatedSortedArray.swift; sourceTree = "<group>"; };
		2CD6173224A0B0D5000F6B25 /* FindMinimumInRotatedSortedArrayII.swift */ = {isa = PBXFileReference; lastKnownFileType = sourcecode.swift; path = FindMinimumInRotatedSortedArrayII.swift; sourceTree = "<group>"; };
		2CD87583240B94A30001DA84 /* SumOfLeftLeaves.swift */ = {isa = PBXFileReference; lastKnownFileType = sourcecode.swift; path = SumOfLeftLeaves.swift; sourceTree = "<group>"; };
		2CD87585240B95910001DA84 /* HammingDistance.swift */ = {isa = PBXFileReference; lastKnownFileType = sourcecode.swift; path = HammingDistance.swift; sourceTree = "<group>"; };
		2CD87588240B96DC0001DA84 /* RobotReturnToOrigin.swift */ = {isa = PBXFileReference; lastKnownFileType = sourcecode.swift; path = RobotReturnToOrigin.swift; sourceTree = "<group>"; };
		2CE2E5E224A9BD9300BBF332 /* InvertBinaryTree.swift */ = {isa = PBXFileReference; lastKnownFileType = sourcecode.swift; path = InvertBinaryTree.swift; sourceTree = "<group>"; };
		2CE98BE01F8BA9E500DA9746 /* LeetCode.swift */ = {isa = PBXFileReference; explicitFileType = "compiled.mach-o.executable"; includeInIndex = 0; path = LeetCode.swift; sourceTree = BUILT_PRODUCTS_DIR; };
		2CE98BEC1F8BAA1200DA9746 /* TwoSum.swift */ = {isa = PBXFileReference; lastKnownFileType = sourcecode.swift; path = TwoSum.swift; sourceTree = "<group>"; };
		2CE98BEE1F8BAA1200DA9746 /* MaximumSubarray.swift */ = {isa = PBXFileReference; lastKnownFileType = sourcecode.swift; path = MaximumSubarray.swift; sourceTree = "<group>"; };
		2CE98BF01F8BAA1200DA9746 /* MaximumGap.swift */ = {isa = PBXFileReference; lastKnownFileType = sourcecode.swift; path = MaximumGap.swift; sourceTree = "<group>"; };
		2CE98BF41F8BB02F00DA9746 /* README.md */ = {isa = PBXFileReference; lastKnownFileType = net.daringfireball.markdown; name = README.md; path = ../README.md; sourceTree = "<group>"; };
		2CE98BF61F8BD4A100DA9746 /* AddTwoNumbers.swift */ = {isa = PBXFileReference; lastKnownFileType = sourcecode.swift; path = AddTwoNumbers.swift; sourceTree = "<group>"; };
		2CE98BF91F8BDC0A00DA9746 /* main.swift */ = {isa = PBXFileReference; lastKnownFileType = sourcecode.swift; path = main.swift; sourceTree = "<group>"; };
		2CE98BFD1F8CBB1A00DA9746 /* LongestSubstringWithoutRepeatingCharacters.swift */ = {isa = PBXFileReference; lastKnownFileType = sourcecode.swift; path = LongestSubstringWithoutRepeatingCharacters.swift; sourceTree = "<group>"; };
		2CE98C001F8D17EB00DA9746 /* MedianOfTwoSortedArrays.swift */ = {isa = PBXFileReference; lastKnownFileType = sourcecode.swift; path = MedianOfTwoSortedArrays.swift; sourceTree = "<group>"; };
		2CE98C141F9104CC00DA9746 /* MoveZeroes.swift */ = {isa = PBXFileReference; lastKnownFileType = sourcecode.swift; path = MoveZeroes.swift; sourceTree = "<group>"; };
		2CE98C171F939B6A00DA9746 /* WordBreak.swift */ = {isa = PBXFileReference; lastKnownFileType = sourcecode.swift; path = WordBreak.swift; sourceTree = "<group>"; };
		2CE98C1A1F93AB0D00DA9746 /* WordBreakII.swift */ = {isa = PBXFileReference; lastKnownFileType = sourcecode.swift; path = WordBreakII.swift; sourceTree = "<group>"; };
		2CF3146F24AC2D8C00170372 /* ValidateStackSequences.swift */ = {isa = PBXFileReference; lastKnownFileType = sourcecode.swift; path = ValidateStackSequences.swift; sourceTree = "<group>"; };
		2CF3147224AC33A700170372 /* PathSumII.swift */ = {isa = PBXFileReference; lastKnownFileType = sourcecode.swift; path = PathSumII.swift; sourceTree = "<group>"; };
		2CF3147624ACD86E00170372 /* 718_MaximumLengthOfRepeatedSubarray.swift */ = {isa = PBXFileReference; lastKnownFileType = sourcecode.swift; path = 718_MaximumLengthOfRepeatedSubarray.swift; sourceTree = "<group>"; };
		2CFA25ED2410C4270090E6C3 /* LargestNumberAtLeastTwiceOfOthers.swift */ = {isa = PBXFileReference; lastKnownFileType = sourcecode.swift; path = LargestNumberAtLeastTwiceOfOthers.swift; sourceTree = "<group>"; };
		2CFA25F22410ED950090E6C3 /* DiagonalTraverse.swift */ = {isa = PBXFileReference; lastKnownFileType = sourcecode.swift; path = DiagonalTraverse.swift; sourceTree = "<group>"; };
/* End PBXFileReference section */

/* Begin PBXFrameworksBuildPhase section */
		2CE98BDD1F8BA9E500DA9746 /* Frameworks */ = {
			isa = PBXFrameworksBuildPhase;
			buildActionMask = 2147483647;
			files = (
			);
			runOnlyForDeploymentPostprocessing = 0;
		};
/* End PBXFrameworksBuildPhase section */

/* Begin PBXGroup section */
		2C044FFC24434A04007EBB9D /* 104_MaximumDepthOfBinaryTree */ = {
			isa = PBXGroup;
			children = (
				2C044FFD24434A22007EBB9D /* MaximumDepthOfBinaryTree.swift */,
			);
			path = 104_MaximumDepthOfBinaryTree;
			sourceTree = "<group>";
		};
		2C044FFF24434ED4007EBB9D /* 101_SymmetricTree */ = {
			isa = PBXGroup;
			children = (
				2C04500024434EE6007EBB9D /* SymmetricTree.swift */,
			);
			path = 101_SymmetricTree;
			sourceTree = "<group>";
		};
		2C04500224436031007EBB9D /* 112_PathSum */ = {
			isa = PBXGroup;
			children = (
				2C04500324436043007EBB9D /* PathSum.swift */,
			);
			path = 112_PathSum;
			sourceTree = "<group>";
		};
		2C0B5EFC241A3BA8003BA64B /* 328_OddEvenLinkedList */ = {
			isa = PBXGroup;
			children = (
				2C0B5EFD241A3BC1003BA64B /* OddEvenLinkedList.swift */,
			);
			path = 328_OddEvenLinkedList;
			sourceTree = "<group>";
		};
		2C29670422DF0A7C00EAC1DF /* 993_CousinsInBinaryTree */ = {
			isa = PBXGroup;
			children = (
				2C29670522DF0ACF00EAC1DF /* CousinsInBinaryTree.swift */,
			);
			path = 993_CousinsInBinaryTree;
			sourceTree = "<group>";
		};
		2C31C0B324A8798A00868283 /* 191_NumberOf1Bits */ = {
			isa = PBXGroup;
			children = (
				2C31C0B424A879AF00868283 /* NumberOf1Bits.swift */,
			);
			path = 191_NumberOf1Bits;
			sourceTree = "<group>";
		};
		2C31C0B624A8833B00868283 /* 050_powx-n */ = {
			isa = PBXGroup;
			children = (
				2C31C0B724A8834E00868283 /* powx-n.swift */,
			);
			path = "050_powx-n";
			sourceTree = "<group>";
		};
		2C4BCA6E24627AB400A7FEB1 /* 116_PopulatingNextRightPointersInEachNode */ = {
			isa = PBXGroup;
			children = (
				2C4BCA6F24627AE000A7FEB1 /* PopulatingNextRightPointersInEachNode.swift */,
			);
			path = 116_PopulatingNextRightPointersInEachNode;
			sourceTree = "<group>";
		};
		2C4BCA7124627FC700A7FEB1 /* 117_PopulatingNextRightPointersInEachNodeII */ = {
			isa = PBXGroup;
			children = (
				2C4BCA7224627FEC00A7FEB1 /* PopulatingNextRightPointersInEachNodeII.swift */,
			);
			path = 117_PopulatingNextRightPointersInEachNodeII;
			sourceTree = "<group>";
		};
		2C4BCA7424628DC800A7FEB1 /* 236_LowestCommonAncestorOfABinaryTree */ = {
			isa = PBXGroup;
			children = (
				2C4BCA7524628DEC00A7FEB1 /* LowestCommonAncestorOfABinaryTree.swift */,
			);
			path = 236_LowestCommonAncestorOfABinaryTree;
			sourceTree = "<group>";
		};
		2C4BCA77246296CC00A7FEB1 /* 449_SerializeAndDeserializeBST */ = {
			isa = PBXGroup;
			children = (
				2C4BCA78246296E400A7FEB1 /* SerializeAndDeserializeBST.swift */,
			);
			path = 449_SerializeAndDeserializeBST;
			sourceTree = "<group>";
		};
		2C4BCA7A2462A07A00A7FEB1 /* 297_SerializeAndDeserializeBinaryTree */ = {
			isa = PBXGroup;
			children = (
				2C4BCA7B2462A09C00A7FEB1 /* SerializeAndDeserializeBinaryTree.swift */,
			);
			path = 297_SerializeAndDeserializeBinaryTree;
			sourceTree = "<group>";
		};
		2C56D753240E1E6300940922 /* 346_MovingAverageFromDataStream */ = {
			isa = PBXGroup;
			children = (
				2C56D754240E1EA700940922 /* MovingAverageFromDataStream.swift */,
			);
			path = 346_MovingAverageFromDataStream;
			sourceTree = "<group>";
		};
		2C5858032412456D0008B0A3 /* 054_SpiralMatrix */ = {
			isa = PBXGroup;
			children = (
				2C585804241245930008B0A3 /* SpiralMatrix.swift */,
			);
			path = 054_SpiralMatrix;
			sourceTree = "<group>";
		};
		2C58580624137C400008B0A3 /* 118_Pascal'sTriangle */ = {
			isa = PBXGroup;
			children = (
				2C58580724137C590008B0A3 /* Pascal'sTriangle.swift */,
			);
			path = "118_Pascal'sTriangle";
			sourceTree = "<group>";
		};
		2C585809241394090008B0A3 /* 067_AddBinary */ = {
			isa = PBXGroup;
			children = (
				2C58580A2413943D0008B0A3 /* AddBinary.swift */,
			);
			path = 067_AddBinary;
			sourceTree = "<group>";
		};
		2C58580D2413F20C0008B0A3 /* 014_LongestCommonPrefix */ = {
			isa = PBXGroup;
			children = (
				2C58580E2413F22A0008B0A3 /* LongestCommonPrefix.swift */,
			);
			path = 014_LongestCommonPrefix;
			sourceTree = "<group>";
		};
		2C5858102413F72D0008B0A3 /* 344_ReverseString */ = {
			isa = PBXGroup;
			children = (
				2C5858112413F75A0008B0A3 /* ReverseString.swift */,
			);
			path = 344_ReverseString;
			sourceTree = "<group>";
		};
		2C5858132413FDD60008B0A3 /* 561_ArrayPartitionI */ = {
			isa = PBXGroup;
			children = (
				2C5858142413FE200008B0A3 /* ArrayPartitionI.swift */,
			);
			path = 561_ArrayPartitionI;
			sourceTree = "<group>";
		};
		2C5858162414A9590008B0A3 /* 167_TwoSumII */ = {
			isa = PBXGroup;
			children = (
				2C5858172414A99E0008B0A3 /* TwoSumII.swift */,
			);
			path = 167_TwoSumII;
			sourceTree = "<group>";
		};
		2C5858192414B8E20008B0A3 /* 027_RemoveElement */ = {
			isa = PBXGroup;
			children = (
				2C58581A2414B8F80008B0A3 /* RemoveElement.swift */,
			);
			path = 027_RemoveElement;
			sourceTree = "<group>";
		};
		2C58581C2414BB650008B0A3 /* 485_MaxConsecutiveOnes */ = {
			isa = PBXGroup;
			children = (
				2C58581D2414BBA10008B0A3 /* MaxConsecutiveOnes.swift */,
			);
			path = 485_MaxConsecutiveOnes;
			sourceTree = "<group>";
		};
		2C58581F2414C4240008B0A3 /* 209_MinimumSizeSubarraySum */ = {
			isa = PBXGroup;
			children = (
				2C5858202414C4480008B0A3 /* MinimumSizeSubarraySum.swift */,
			);
			path = 209_MinimumSizeSubarraySum;
			sourceTree = "<group>";
		};
		2C5858222415211F0008B0A3 /* 189_RotateArray */ = {
			isa = PBXGroup;
			children = (
				2C585823241521880008B0A3 /* RotateArray.swift */,
			);
			path = 189_RotateArray;
			sourceTree = "<group>";
		};
		2C585825241536390008B0A3 /* 119_Pascal'sTriangleII */ = {
			isa = PBXGroup;
			children = (
				2C585826241536790008B0A3 /* Pascal'sTriangleII.swift */,
			);
			path = "119_Pascal'sTriangleII";
			sourceTree = "<group>";
		};
		2C585828241539660008B0A3 /* 151_ReverseWordsInAString */ = {
			isa = PBXGroup;
			children = (
				2C585829241539A80008B0A3 /* ReverseWordsInAString.swift */,
			);
			path = 151_ReverseWordsInAString;
			sourceTree = "<group>";
		};
		2C58582B241540F60008B0A3 /* 557_ReverseWordsInAStringIII */ = {
			isa = PBXGroup;
			children = (
				2C58582C241541140008B0A3 /* ReverseWordsInAStringIII.swift */,
			);
			path = 557_ReverseWordsInAStringIII;
			sourceTree = "<group>";
		};
		2C58582E2415445E0008B0A3 /* 026_RemoveDuplicatesFromSortedArray */ = {
			isa = PBXGroup;
			children = (
				2C58582F2415447B0008B0A3 /* RemoveDuplicatesFromSortedArray.swift */,
			);
			path = 026_RemoveDuplicatesFromSortedArray;
			sourceTree = "<group>";
		};
		2C5FA26A245ABB4300E710DD /* 106_ConstructBinaryTreeFromInorderAndPostorderTraversal */ = {
			isa = PBXGroup;
			children = (
				2C5FA26B245ABE8200E710DD /* ConstructBinaryTreeFromInorderAndPostorderTraversal.swift */,
			);
			path = 106_ConstructBinaryTreeFromInorderAndPostorderTraversal;
			sourceTree = "<group>";
		};
		2C5FA26D245C458100E710DD /* 105_ConstructBinaryTreeFromPreorderAndInorderTraversal */ = {
			isa = PBXGroup;
			children = (
				2C5FA26E245C45AB00E710DD /* ConstructBinaryTreeFromPreorderAndInorderTraversal.swift */,
			);
			path = 105_ConstructBinaryTreeFromPreorderAndInorderTraversal;
			sourceTree = "<group>";
		};
		2C636FEC1FAC5CF5009B19F8 /* 628_MaximumProductOfThreeNumbers */ = {
			isa = PBXGroup;
			children = (
				2C636FED1FAC5D07009B19F8 /* MaximumProductOfThreeNumbers.swift */,
			);
			path = 628_MaximumProductOfThreeNumbers;
			sourceTree = "<group>";
		};
		2C636FEF1FAF2706009B19F8 /* 373_FindKPairsWithSmallestSums */ = {
			isa = PBXGroup;
			children = (
				2C636FF01FAF271A009B19F8 /* FindKPairsWithSmallestSums.swift */,
			);
			path = 373_FindKPairsWithSmallestSums;
			sourceTree = "<group>";
		};
		2C6370031FB0852A009B19F8 /* 206_ReverseLinkedList */ = {
			isa = PBXGroup;
			children = (
				2C6370041FB0853E009B19F8 /* ReverseLinkedList.swift */,
			);
			path = 206_ReverseLinkedList;
			sourceTree = "<group>";
		};
		2C6370061FB1675F009B19F8 /* 066_PlusOne */ = {
			isa = PBXGroup;
			children = (
				2C6370071FB16781009B19F8 /* PlusOne.swift */,
			);
			path = 066_PlusOne;
			sourceTree = "<group>";
		};
		2C6846D71FBF449600501ED7 /* 028_ImplementstrStr */ = {
			isa = PBXGroup;
			children = (
				2C6846D81FBF44A700501ED7 /* ImplementstrStr.swift */,
			);
			path = 028_ImplementstrStr;
			sourceTree = "<group>";
		};
		2C6CACAD243736EF0022BB66 /* 138_CopyListWithRandomPointer */ = {
			isa = PBXGroup;
			children = (
				2C6CACAE243737250022BB66 /* CopyListWithRandomPointer.swift */,
			);
			path = 138_CopyListWithRandomPointer;
			sourceTree = "<group>";
		};
		2C6CACB0243745720022BB66 /* 061_RotateList */ = {
			isa = PBXGroup;
			children = (
				2C6CACB1243745890022BB66 /* RotateList.swift */,
			);
			path = 061_RotateList;
			sourceTree = "<group>";
		};
		2C6ECF33240D3E13003782E1 /* 174_DungeontheGame */ = {
			isa = PBXGroup;
			children = (
				2C6ECF34240D3E6F003782E1 /* DungeontheGame.swift */,
			);
			path = 174_DungeontheGame;
			sourceTree = "<group>";
		};
		2C6ECF35240D4304003782E1 /* 566_ReshapeTheMatrix */ = {
			isa = PBXGroup;
			children = (
				2C6ECF36240D4399003782E1 /* ReshapeTheMatrix.swift */,
			);
			path = 566_ReshapeTheMatrix;
			sourceTree = "<group>";
		};
		2C80CA031FB60D7100474DC9 /* 021_MergeTwoSortedLists */ = {
			isa = PBXGroup;
			children = (
				2C80CA041FB60DA800474DC9 /* MergeTwoSortedLists.swift */,
			);
			path = 021_MergeTwoSortedLists;
			sourceTree = "<group>";
		};
		2C80CA061FB8A26600474DC9 /* 012_IntegerToRoman */ = {
			isa = PBXGroup;
			children = (
				2C80CA071FB8A27B00474DC9 /* IntegerToRoman.swift */,
			);
			path = 012_IntegerToRoman;
			sourceTree = "<group>";
		};
		2C8481371FBB3C4B00B3655B /* 013_RomanToInteger */ = {
			isa = PBXGroup;
			children = (
				2C8481381FBB3C6800B3655B /* RomanToInteger.swift */,
			);
			path = 013_RomanToInteger;
			sourceTree = "<group>";
		};
		2C85A8A122BA2B7C0053181E /* 006_ZigZagConversion */ = {
			isa = PBXGroup;
			children = (
				2C85A8A222BA2B8C0053181E /* ZigZagConversion.swift */,
			);
			path = 006_ZigZagConversion;
			sourceTree = "<group>";
		};
		2C85A8B722C35DAD0053181E /* 455_AssignCookies */ = {
			isa = PBXGroup;
			children = (
				2C85A8B822C35DDB0053181E /* AssignCookies.swift */,
			);
			path = 455_AssignCookies;
			sourceTree = "<group>";
		};
		2C85A8BA22C368500053181E /* 135_Candy */ = {
			isa = PBXGroup;
			children = (
				2C85A8BB22C368630053181E /* Candy.swift */,
			);
			path = 135_Candy;
			sourceTree = "<group>";
		};
		2C99DEEB2410A66100354578 /* 724_FindPivotIndex */ = {
			isa = PBXGroup;
			children = (
				2C99DEEC2410A69000354578 /* FindPivotIndex.swift */,
			);
			path = 724_FindPivotIndex;
			sourceTree = "<group>";
		};
		2C9C592A244050A0001E4819 /* 144_BinaryTreePreorderTraversal */ = {
			isa = PBXGroup;
			children = (
				2C9C592B244050C4001E4819 /* BinaryTreePreorderTraversal.swift */,
			);
			path = 144_BinaryTreePreorderTraversal;
			sourceTree = "<group>";
		};
		2C9C592D24406016001E4819 /* 094_BinaryTreeInorderTraversal */ = {
			isa = PBXGroup;
			children = (
				2C9C592E24406034001E4819 /* BinaryTreeInorderTraversal.swift */,
			);
			path = 094_BinaryTreeInorderTraversal;
			sourceTree = "<group>";
		};
		2C9C593024407160001E4819 /* 145_BinaryTreePostorderTraversal */ = {
			isa = PBXGroup;
			children = (
				2C9C59312440717A001E4819 /* BinaryTreePostorderTraversal.swift */,
			);
			path = 145_BinaryTreePostorderTraversal;
			sourceTree = "<group>";
		};
		2C9C593424407A22001E4819 /* 102_BinaryTreeLevelOrderTraversal */ = {
			isa = PBXGroup;
			children = (
				2C9C593524407A3B001E4819 /* BinaryTreeLevelOrderTraversal.swift */,
			);
			path = 102_BinaryTreeLevelOrderTraversal;
			sourceTree = "<group>";
		};
		2C9DD5372438CAD300E5DB62 /* 155_MinStack */ = {
			isa = PBXGroup;
			children = (
				2C9DD5382438CAF900E5DB62 /* MinStack.swift */,
			);
			path = 155_MinStack;
			sourceTree = "<group>";
		};
		2C9DD53A2438D28400E5DB62 /* 020_ValidParentheses */ = {
			isa = PBXGroup;
			children = (
				2C9DD53B2438D2A100E5DB62 /* ValidParentheses.swift */,
			);
			path = 020_ValidParentheses;
			sourceTree = "<group>";
		};
		2C9DD53D2438E03D00E5DB62 /* 739_DailyTemperatures */ = {
			isa = PBXGroup;
			children = (
				2C9DD53E2438E05500E5DB62 /* DailyTemperatures.swift */,
			);
			path = 739_DailyTemperatures;
			sourceTree = "<group>";
		};
		2C9DD540243A076400E5DB62 /* 150_EvaluateReversePolishNotation */ = {
			isa = PBXGroup;
			children = (
				2C9DD541243A077A00E5DB62 /* EvaluateReversePolishNotation.swift */,
			);
			path = 150_EvaluateReversePolishNotation;
			sourceTree = "<group>";
		};
		2C9DD543243A25FF00E5DB62 /* 200_NumberOfIslands */ = {
			isa = PBXGroup;
			children = (
				2C9DD544243A261700E5DB62 /* NumberOfIslands.swift */,
			);
			path = 200_NumberOfIslands;
			sourceTree = "<group>";
		};
		2C9DD546243B2DE100E5DB62 /* 225_ImplementStackUsingQueues */ = {
			isa = PBXGroup;
			children = (
				2C9DD547243B2DF400E5DB62 /* ImplementStackUsingQueues.swift */,
			);
			path = 225_ImplementStackUsingQueues;
			sourceTree = "<group>";
		};
		2C9DD54C243CB8D800E5DB62 /* 232_ImplementQueueUsingStacks */ = {
			isa = PBXGroup;
			children = (
				2C9DD54D243CB8F600E5DB62 /* ImplementQueueUsingStacks.swift */,
			);
			path = 232_ImplementQueueUsingStacks;
			sourceTree = "<group>";
		};
		2C9DD54F243CBEC000E5DB62 /* 394_DecodeString */ = {
			isa = PBXGroup;
			children = (
				2C9DD550243CBED300E5DB62 /* DecodeString.swift */,
			);
			path = 394_DecodeString;
			sourceTree = "<group>";
		};
		2CA6E4AA241B2A74009D9757 /* 234_PalindromeLinkedList */ = {
			isa = PBXGroup;
			children = (
				2CA6E4AB241B2A8E009D9757 /* PalindromeLinkedList.swift */,
			);
			path = 234_PalindromeLinkedList;
			sourceTree = "<group>";
		};
		2CA6E4AD241F83F9009D9757 /* 430_FlattenAMultilevelDoublyLinkedList */ = {
			isa = PBXGroup;
			children = (
				2CA6E4AE241F8418009D9757 /* FlattenAMultilevelDoublyLinkedList.swift */,
			);
			path = 430_FlattenAMultilevelDoublyLinkedList;
			sourceTree = "<group>";
		};
		2CC3B0DD24A34B33007F5E00 /* 079_WordSearch */ = {
			isa = PBXGroup;
			children = (
				2CC3B0DE24A34B59007F5E00 /* WordSearch.swift */,
			);
			path = 079_WordSearch;
			sourceTree = "<group>";
		};
		2CC3B0E024A62B5F007F5E00 /* 343_IntegerBreak */ = {
			isa = PBXGroup;
			children = (
				2CC3B0E124A62B79007F5E00 /* IntegerBreak.swift */,
			);
			path = 343_IntegerBreak;
			sourceTree = "<group>";
		};
		2CCE94F72418728500F6AD1A /* 707_DesignLinkedList */ = {
			isa = PBXGroup;
			children = (
				2CCE94F82418729E00F6AD1A /* DesignLinkedList.swift */,
			);
			path = 707_DesignLinkedList;
			sourceTree = "<group>";
		};
		2CCE94FA24188E7400F6AD1A /* 141_LinkedListCycle */ = {
			isa = PBXGroup;
			children = (
				2CCE94FB24188E8B00F6AD1A /* LinkedListCycle.swift */,
			);
			path = 141_LinkedListCycle;
			sourceTree = "<group>";
		};
		2CCE94FD24188EA300F6AD1A /* 142_LinkedListCycleII */ = {
			isa = PBXGroup;
			children = (
				2CCE94FE24188EC400F6AD1A /* LinkedListCycleII.swift */,
			);
			path = 142_LinkedListCycleII;
			sourceTree = "<group>";
		};
		2CCE95002419C7E000F6AD1A /* 160_IntersectionOfTwoLinkedLists */ = {
			isa = PBXGroup;
			children = (
				2CCE95012419C7F900F6AD1A /* IntersectionOfTwoLinkedLists.swift */,
			);
			path = 160_IntersectionOfTwoLinkedLists;
			sourceTree = "<group>";
		};
		2CCE95032419D7FC00F6AD1A /* 019_RemoveNthNodeFromEndOfList */ = {
			isa = PBXGroup;
			children = (
				2CCE95042419D82100F6AD1A /* RemoveNthNodeFromEndOfList.swift */,
			);
			path = 019_RemoveNthNodeFromEndOfList;
			sourceTree = "<group>";
		};
		2CCE9506241A0ABC00F6AD1A /* 203_RemoveLinkedListElements */ = {
			isa = PBXGroup;
			children = (
				2CCE9507241A0AE800F6AD1A /* RemoveLinkedListElements.swift */,
			);
			path = 203_RemoveLinkedListElements;
			sourceTree = "<group>";
		};
		2CD477B61FC6D46A00484D5E /* 008_StringToInteger(atoi) */ = {
			isa = PBXGroup;
			children = (
				2CD477B71FC6D47B00484D5E /* StringToInteger(atoi).swift */,
			);
			path = "008_StringToInteger(atoi)";
			sourceTree = "<group>";
		};
		2CD6172524A04E78000F6B25 /* 210_SearchA2DMatrixII */ = {
			isa = PBXGroup;
			children = (
				2CD6172624A04EC0000F6B25 /* SearchA2DMatrixII.swift */,
			);
			path = 210_SearchA2DMatrixII;
			sourceTree = "<group>";
		};
		2CD6172824A08C2F000F6B25 /* 509_FibonacciNumber */ = {
			isa = PBXGroup;
			children = (
				2CD6172924A08C50000F6B25 /* FibonacciNumber.swift */,
			);
			path = 509_FibonacciNumber;
			sourceTree = "<group>";
		};
		2CD6172B24A092E2000F6B25 /* 070_ClimbingStairs */ = {
			isa = PBXGroup;
			children = (
				2CD6172C24A09308000F6B25 /* ClimbingStairs.swift */,
			);
			path = 070_ClimbingStairs;
			sourceTree = "<group>";
		};
		2CD6172E24A0A6A9000F6B25 /* 153_FindMinimumInRotatedSortedArray */ = {
			isa = PBXGroup;
			children = (
				2CD6172F24A0A6BC000F6B25 /* FindMinimumInRotatedSortedArray.swift */,
			);
			path = 153_FindMinimumInRotatedSortedArray;
			sourceTree = "<group>";
		};
		2CD6173124A0B08D000F6B25 /* 154_FindMinimumInRotatedSortedArrayII */ = {
			isa = PBXGroup;
			children = (
				2CD6173224A0B0D5000F6B25 /* FindMinimumInRotatedSortedArrayII.swift */,
			);
			path = 154_FindMinimumInRotatedSortedArrayII;
			sourceTree = "<group>";
		};
		2CD87582240B94790001DA84 /* 404_SumOfLeftLeaves */ = {
			isa = PBXGroup;
			children = (
				2CD87583240B94A30001DA84 /* SumOfLeftLeaves.swift */,
			);
			path = 404_SumOfLeftLeaves;
			sourceTree = "<group>";
		};
		2CD87584240B95710001DA84 /* 461_HammingDistance */ = {
			isa = PBXGroup;
			children = (
				2CD87585240B95910001DA84 /* HammingDistance.swift */,
			);
			path = 461_HammingDistance;
			sourceTree = "<group>";
		};
		2CD87587240B96990001DA84 /* 657_RobotReturnToOrigin */ = {
			isa = PBXGroup;
			children = (
				2CD87588240B96DC0001DA84 /* RobotReturnToOrigin.swift */,
			);
			path = 657_RobotReturnToOrigin;
			sourceTree = "<group>";
		};
		2CE2E5E124A9BD6A00BBF332 /* 226_InvertBinaryTree */ = {
			isa = PBXGroup;
			children = (
				2CE2E5E224A9BD9300BBF332 /* InvertBinaryTree.swift */,
			);
			path = 226_InvertBinaryTree;
			sourceTree = "<group>";
		};
		2CE98BD71F8BA9E500DA9746 = {
			isa = PBXGroup;
			children = (
				2CE98BF91F8BDC0A00DA9746 /* main.swift */,
				2CE98BF41F8BB02F00DA9746 /* README.md */,
				2CE98BEA1F8BAA1200DA9746 /* Solution */,
				2CE98BE11F8BA9E500DA9746 /* Products */,
			);
			sourceTree = "<group>";
		};
		2CE98BE11F8BA9E500DA9746 /* Products */ = {
			isa = PBXGroup;
			children = (
				2CE98BE01F8BA9E500DA9746 /* LeetCode.swift */,
			);
			name = Products;
			sourceTree = "<group>";
		};
		2CE98BEA1F8BAA1200DA9746 /* Solution */ = {
			isa = PBXGroup;
			children = (
				2CE98BEB1F8BAA1200DA9746 /* 001_TwoSum */,
				2CE98BF51F8BD46500DA9746 /* 002_AddTwoNumbers */,
				2CE98BFC1F8CBB0300DA9746 /* 003_LongestSubstringWithoutRepeatingCharacters */,
				2CE98BFF1F8D17E200DA9746 /* 004_MedianOfTwoSortedArrays */,
				2C85A8A122BA2B7C0053181E /* 006_ZigZagConversion */,
				2CD477B61FC6D46A00484D5E /* 008_StringToInteger(atoi) */,
				2C80CA061FB8A26600474DC9 /* 012_IntegerToRoman */,
				2C8481371FBB3C4B00B3655B /* 013_RomanToInteger */,
				2C58580D2413F20C0008B0A3 /* 014_LongestCommonPrefix */,
				2CCE95032419D7FC00F6AD1A /* 019_RemoveNthNodeFromEndOfList */,
				2C9DD53A2438D28400E5DB62 /* 020_ValidParentheses */,
				2C80CA031FB60D7100474DC9 /* 021_MergeTwoSortedLists */,
				2C58582E2415445E0008B0A3 /* 026_RemoveDuplicatesFromSortedArray */,
				2C5858192414B8E20008B0A3 /* 027_RemoveElement */,
				2C6846D71FBF449600501ED7 /* 028_ImplementstrStr */,
				2C6BC9AB24B0B4610047971E /* 032_LongestValidParentheses.swift */,
				2CA0BED124B1C4FD005C5ACE /* 044_WildcardMatching.swift */,
				2C31C0B624A8833B00868283 /* 050_powx-n */,
				2CE98BED1F8BAA1200DA9746 /* 053_MaximumSubarray */,
				2C5858032412456D0008B0A3 /* 054_SpiralMatrix */,
				2C6CACB0243745720022BB66 /* 061_RotateList */,
				2CA0BED324B2B885005C5ACE /* 063_UniquePathsII.swift */,
				2C6370061FB1675F009B19F8 /* 066_PlusOne */,
				2C585809241394090008B0A3 /* 067_AddBinary */,
				2CD6172B24A092E2000F6B25 /* 070_ClimbingStairs */,
				2CC3B0DD24A34B33007F5E00 /* 079_WordSearch */,
				2C9C592D24406016001E4819 /* 094_BinaryTreeInorderTraversal */,
				2C044FFF24434ED4007EBB9D /* 101_SymmetricTree */,
				2C9C593424407A22001E4819 /* 102_BinaryTreeLevelOrderTraversal */,
				2C044FFC24434A04007EBB9D /* 104_MaximumDepthOfBinaryTree */,
				2C5FA26D245C458100E710DD /* 105_ConstructBinaryTreeFromPreorderAndInorderTraversal */,
				2C5FA26A245ABB4300E710DD /* 106_ConstructBinaryTreeFromInorderAndPostorderTraversal */,
				2C636FEA1FAB19F1009B19F8 /* 108_ConvertSortedArrayToBinarySearchTree.swift */,
				2C04500224436031007EBB9D /* 112_PathSum */,
				2CF3147124AC338800170372 /* 113_PathSumII */,
				2C4BCA6E24627AB400A7FEB1 /* 116_PopulatingNextRightPointersInEachNode */,
				2C4BCA7124627FC700A7FEB1 /* 117_PopulatingNextRightPointersInEachNodeII */,
				2C58580624137C400008B0A3 /* 118_Pascal'sTriangle */,
				2C585825241536390008B0A3 /* 119_Pascal'sTriangleII */,
				2C85A8BA22C368500053181E /* 135_Candy */,
				2C6CACAD243736EF0022BB66 /* 138_CopyListWithRandomPointer */,
				2CE98C161F939B5000DA9746 /* 139_WordBreak */,
				2CE98C191F93AAF100DA9746 /* 140_WordBreakII */,
				2CCE94FA24188E7400F6AD1A /* 141_LinkedListCycle */,
				2CCE94FD24188EA300F6AD1A /* 142_LinkedListCycleII */,
				2C9C592A244050A0001E4819 /* 144_BinaryTreePreorderTraversal */,
				2C9C593024407160001E4819 /* 145_BinaryTreePostorderTraversal */,
				2C9DD540243A076400E5DB62 /* 150_EvaluateReversePolishNotation */,
				2C585828241539660008B0A3 /* 151_ReverseWordsInAString */,
				2CD6172E24A0A6A9000F6B25 /* 153_FindMinimumInRotatedSortedArray */,
				2CD6173124A0B08D000F6B25 /* 154_FindMinimumInRotatedSortedArrayII */,
				2C9DD5372438CAD300E5DB62 /* 155_MinStack */,
				2CCE95002419C7E000F6AD1A /* 160_IntersectionOfTwoLinkedLists */,
				2CE98BEF1F8BAA1200DA9746 /* 164_MaximumGap */,
				2C5858162414A9590008B0A3 /* 167_TwoSumII */,
				2C6ECF33240D3E13003782E1 /* 174_DungeontheGame */,
				2C5858222415211F0008B0A3 /* 189_RotateArray */,
				2C31C0B324A8798A00868283 /* 191_NumberOf1Bits */,
				2C9DD543243A25FF00E5DB62 /* 200_NumberOfIslands */,
				2CCE9506241A0ABC00F6AD1A /* 203_RemoveLinkedListElements */,
				2C6370031FB0852A009B19F8 /* 206_ReverseLinkedList */,
				2C58581F2414C4240008B0A3 /* 209_MinimumSizeSubarraySum */,
				2CD6172524A04E78000F6B25 /* 210_SearchA2DMatrixII */,
				2C9DD546243B2DE100E5DB62 /* 225_ImplementStackUsingQueues */,
				2CE2E5E124A9BD6A00BBF332 /* 226_InvertBinaryTree */,
				2C9DD54C243CB8D800E5DB62 /* 232_ImplementQueueUsingStacks */,
				2CA6E4AA241B2A74009D9757 /* 234_PalindromeLinkedList */,
				2C4BCA7424628DC800A7FEB1 /* 236_LowestCommonAncestorOfABinaryTree */,
				2CE98C131F9104A700DA9746 /* 283_MoveZeroes */,
				2C4BCA7A2462A07A00A7FEB1 /* 297_SerializeAndDeserializeBinaryTree */,
				2C0B5EFC241A3BA8003BA64B /* 328_OddEvenLinkedList */,
				2CC3B0E024A62B5F007F5E00 /* 343_IntegerBreak */,
				2C5858102413F72D0008B0A3 /* 344_ReverseString */,
				2C56D753240E1E6300940922 /* 346_MovingAverageFromDataStream */,
				2C49B94C24BBEE6300F390B0 /* 350_IntersectionOfTwoArraysII.swift */,
				2C636FEF1FAF2706009B19F8 /* 373_FindKPairsWithSmallestSums */,
				2CAF8B0424AEBDFE00CFDF6C /* 378_KthSmallestElementInASortedMatrix.swift */,
				2C9DD54F243CBEC000E5DB62 /* 394_DecodeString */,
				2CD87582240B94790001DA84 /* 404_SumOfLeftLeaves */,
				2CA6E4AD241F83F9009D9757 /* 430_FlattenAMultilevelDoublyLinkedList */,
				2C4BCA77246296CC00A7FEB1 /* 449_SerializeAndDeserializeBST */,
				2C85A8B722C35DAD0053181E /* 455_AssignCookies */,
				2CD87584240B95710001DA84 /* 461_HammingDistance */,
				2C58581C2414BB650008B0A3 /* 485_MaxConsecutiveOnes */,
				2CFA25F12410ED7C0090E6C3 /* 498_DiagonalTraverse */,
				2CD6172824A08C2F000F6B25 /* 509_FibonacciNumber */,
				2C58582B241540F60008B0A3 /* 557_ReverseWordsInAStringIII */,
				2C5858132413FDD60008B0A3 /* 561_ArrayPartitionI */,
				2C6ECF35240D4304003782E1 /* 566_ReshapeTheMatrix */,
				2C636FEC1FAC5CF5009B19F8 /* 628_MaximumProductOfThreeNumbers */,
				2CD87587240B96990001DA84 /* 657_RobotReturnToOrigin */,
				2CCE94F72418728500F6AD1A /* 707_DesignLinkedList */,
				2CF3147624ACD86E00170372 /* 718_MaximumLengthOfRepeatedSubarray.swift */,
				2C99DEEB2410A66100354578 /* 724_FindPivotIndex */,
				2C9DD53D2438E03D00E5DB62 /* 739_DailyTemperatures */,
				2CFA25EC2410C4010090E6C3 /* 747_LargestNumberAtLeastTwiceOfOthers */,
				2CF3146E24AC2D6C00170372 /* 946_ValidateStackSequences */,
				2C29670422DF0A7C00EAC1DF /* 993_CousinsInBinaryTree */,
			);
			path = Solution;
			sourceTree = "<group>";
		};
		2CE98BEB1F8BAA1200DA9746 /* 001_TwoSum */ = {
			isa = PBXGroup;
			children = (
				2CE98BEC1F8BAA1200DA9746 /* TwoSum.swift */,
			);
			path = 001_TwoSum;
			sourceTree = "<group>";
		};
		2CE98BED1F8BAA1200DA9746 /* 053_MaximumSubarray */ = {
			isa = PBXGroup;
			children = (
				2CE98BEE1F8BAA1200DA9746 /* MaximumSubarray.swift */,
			);
			path = 053_MaximumSubarray;
			sourceTree = "<group>";
		};
		2CE98BEF1F8BAA1200DA9746 /* 164_MaximumGap */ = {
			isa = PBXGroup;
			children = (
				2CE98BF01F8BAA1200DA9746 /* MaximumGap.swift */,
			);
			path = 164_MaximumGap;
			sourceTree = "<group>";
		};
		2CE98BF51F8BD46500DA9746 /* 002_AddTwoNumbers */ = {
			isa = PBXGroup;
			children = (
				2CE98BF61F8BD4A100DA9746 /* AddTwoNumbers.swift */,
			);
			path = 002_AddTwoNumbers;
			sourceTree = "<group>";
		};
		2CE98BFC1F8CBB0300DA9746 /* 003_LongestSubstringWithoutRepeatingCharacters */ = {
			isa = PBXGroup;
			children = (
				2CE98BFD1F8CBB1A00DA9746 /* LongestSubstringWithoutRepeatingCharacters.swift */,
			);
			path = 003_LongestSubstringWithoutRepeatingCharacters;
			sourceTree = "<group>";
		};
		2CE98BFF1F8D17E200DA9746 /* 004_MedianOfTwoSortedArrays */ = {
			isa = PBXGroup;
			children = (
				2CE98C001F8D17EB00DA9746 /* MedianOfTwoSortedArrays.swift */,
			);
			path = 004_MedianOfTwoSortedArrays;
			sourceTree = "<group>";
		};
		2CE98C131F9104A700DA9746 /* 283_MoveZeroes */ = {
			isa = PBXGroup;
			children = (
				2CE98C141F9104CC00DA9746 /* MoveZeroes.swift */,
			);
			path = 283_MoveZeroes;
			sourceTree = "<group>";
		};
		2CE98C161F939B5000DA9746 /* 139_WordBreak */ = {
			isa = PBXGroup;
			children = (
				2CE98C171F939B6A00DA9746 /* WordBreak.swift */,
			);
			path = 139_WordBreak;
			sourceTree = "<group>";
		};
		2CE98C191F93AAF100DA9746 /* 140_WordBreakII */ = {
			isa = PBXGroup;
			children = (
				2CE98C1A1F93AB0D00DA9746 /* WordBreakII.swift */,
			);
			path = 140_WordBreakII;
			sourceTree = "<group>";
		};
		2CF3146E24AC2D6C00170372 /* 946_ValidateStackSequences */ = {
			isa = PBXGroup;
			children = (
				2CF3146F24AC2D8C00170372 /* ValidateStackSequences.swift */,
			);
			path = 946_ValidateStackSequences;
			sourceTree = "<group>";
		};
		2CF3147124AC338800170372 /* 113_PathSumII */ = {
			isa = PBXGroup;
			children = (
				2CF3147224AC33A700170372 /* PathSumII.swift */,
			);
			path = 113_PathSumII;
			sourceTree = "<group>";
		};
		2CFA25EC2410C4010090E6C3 /* 747_LargestNumberAtLeastTwiceOfOthers */ = {
			isa = PBXGroup;
			children = (
				2CFA25ED2410C4270090E6C3 /* LargestNumberAtLeastTwiceOfOthers.swift */,
			);
			path = 747_LargestNumberAtLeastTwiceOfOthers;
			sourceTree = "<group>";
		};
		2CFA25F12410ED7C0090E6C3 /* 498_DiagonalTraverse */ = {
			isa = PBXGroup;
			children = (
				2CFA25F22410ED950090E6C3 /* DiagonalTraverse.swift */,
			);
			path = 498_DiagonalTraverse;
			sourceTree = "<group>";
		};
/* End PBXGroup section */

/* Begin PBXNativeTarget section */
		2CE98BDF1F8BA9E500DA9746 /* LeetCode.swift */ = {
			isa = PBXNativeTarget;
			buildConfigurationList = 2CE98BE71F8BA9E500DA9746 /* Build configuration list for PBXNativeTarget "LeetCode.swift" */;
			buildPhases = (
				2CE98BDC1F8BA9E500DA9746 /* Sources */,
				2CE98BDD1F8BA9E500DA9746 /* Frameworks */,
				2CE98BDE1F8BA9E500DA9746 /* CopyFiles */,
			);
			buildRules = (
			);
			dependencies = (
			);
			name = LeetCode.swift;
			productName = LeetCode.swift;
			productReference = 2CE98BE01F8BA9E500DA9746 /* LeetCode.swift */;
			productType = "com.apple.product-type.tool";
		};
/* End PBXNativeTarget section */

/* Begin PBXProject section */
		2CE98BD81F8BA9E500DA9746 /* Project object */ = {
			isa = PBXProject;
			attributes = {
				LastSwiftUpdateCheck = 0900;
				LastUpgradeCheck = 1130;
				ORGANIZATIONNAME = "Suzhou Coryphaei Information&Technology Co., Ltd";
				TargetAttributes = {
					2CE98BDF1F8BA9E500DA9746 = {
						CreatedOnToolsVersion = 9.0;
						LastSwiftMigration = 1130;
						ProvisioningStyle = Automatic;
					};
				};
			};
			buildConfigurationList = 2CE98BDB1F8BA9E500DA9746 /* Build configuration list for PBXProject "LeetCode.swift" */;
			compatibilityVersion = "Xcode 8.0";
			developmentRegion = en;
			hasScannedForEncodings = 0;
			knownRegions = (
				en,
				Base,
			);
			mainGroup = 2CE98BD71F8BA9E500DA9746;
			productRefGroup = 2CE98BE11F8BA9E500DA9746 /* Products */;
			projectDirPath = "";
			projectRoot = "";
			targets = (
				2CE98BDF1F8BA9E500DA9746 /* LeetCode.swift */,
			);
		};
/* End PBXProject section */

/* Begin PBXSourcesBuildPhase section */
		2CE98BDC1F8BA9E500DA9746 /* Sources */ = {
			isa = PBXSourcesBuildPhase;
			buildActionMask = 2147483647;
			files = (
				2C49B94D24BBEE6300F390B0 /* 350_IntersectionOfTwoArraysII.swift in Sources */,
				2CE98BFA1F8BDC0A00DA9746 /* main.swift in Sources */,
			);
			runOnlyForDeploymentPostprocessing = 0;
		};
/* End PBXSourcesBuildPhase section */

/* Begin XCBuildConfiguration section */
		2CE98BE51F8BA9E500DA9746 /* Debug */ = {
			isa = XCBuildConfiguration;
			buildSettings = {
				ALWAYS_SEARCH_USER_PATHS = NO;
				CLANG_ANALYZER_NONNULL = YES;
				CLANG_ANALYZER_NUMBER_OBJECT_CONVERSION = YES_AGGRESSIVE;
				CLANG_CXX_LANGUAGE_STANDARD = "gnu++14";
				CLANG_CXX_LIBRARY = "libc++";
				CLANG_ENABLE_MODULES = YES;
				CLANG_ENABLE_OBJC_ARC = YES;
				CLANG_WARN_BLOCK_CAPTURE_AUTORELEASING = YES;
				CLANG_WARN_BOOL_CONVERSION = YES;
				CLANG_WARN_COMMA = YES;
				CLANG_WARN_CONSTANT_CONVERSION = YES;
				CLANG_WARN_DEPRECATED_OBJC_IMPLEMENTATIONS = YES;
				CLANG_WARN_DIRECT_OBJC_ISA_USAGE = YES_ERROR;
				CLANG_WARN_DOCUMENTATION_COMMENTS = YES;
				CLANG_WARN_EMPTY_BODY = YES;
				CLANG_WARN_ENUM_CONVERSION = YES;
				CLANG_WARN_INFINITE_RECURSION = YES;
				CLANG_WARN_INT_CONVERSION = YES;
				CLANG_WARN_NON_LITERAL_NULL_CONVERSION = YES;
				CLANG_WARN_OBJC_IMPLICIT_RETAIN_SELF = YES;
				CLANG_WARN_OBJC_LITERAL_CONVERSION = YES;
				CLANG_WARN_OBJC_ROOT_CLASS = YES_ERROR;
				CLANG_WARN_RANGE_LOOP_ANALYSIS = YES;
				CLANG_WARN_STRICT_PROTOTYPES = YES;
				CLANG_WARN_SUSPICIOUS_MOVE = YES;
				CLANG_WARN_UNGUARDED_AVAILABILITY = YES_AGGRESSIVE;
				CLANG_WARN_UNREACHABLE_CODE = YES;
				CLANG_WARN__DUPLICATE_METHOD_MATCH = YES;
				CODE_SIGN_IDENTITY = "Mac Developer";
				COPY_PHASE_STRIP = NO;
				DEBUG_INFORMATION_FORMAT = dwarf;
				ENABLE_STRICT_OBJC_MSGSEND = YES;
				ENABLE_TESTABILITY = YES;
				GCC_C_LANGUAGE_STANDARD = gnu11;
				GCC_DYNAMIC_NO_PIC = NO;
				GCC_NO_COMMON_BLOCKS = YES;
				GCC_OPTIMIZATION_LEVEL = 0;
				GCC_PREPROCESSOR_DEFINITIONS = (
					"DEBUG=1",
					"$(inherited)",
				);
				GCC_WARN_64_TO_32_BIT_CONVERSION = YES;
				GCC_WARN_ABOUT_RETURN_TYPE = YES_ERROR;
				GCC_WARN_UNDECLARED_SELECTOR = YES;
				GCC_WARN_UNINITIALIZED_AUTOS = YES_AGGRESSIVE;
				GCC_WARN_UNUSED_FUNCTION = YES;
				GCC_WARN_UNUSED_VARIABLE = YES;
				MACOSX_DEPLOYMENT_TARGET = 10.15;
				MTL_ENABLE_DEBUG_INFO = YES;
				ONLY_ACTIVE_ARCH = YES;
				SDKROOT = macosx;
				SWIFT_ACTIVE_COMPILATION_CONDITIONS = DEBUG;
				SWIFT_OPTIMIZATION_LEVEL = "-Onone";
			};
			name = Debug;
		};
		2CE98BE61F8BA9E500DA9746 /* Release */ = {
			isa = XCBuildConfiguration;
			buildSettings = {
				ALWAYS_SEARCH_USER_PATHS = NO;
				CLANG_ANALYZER_NONNULL = YES;
				CLANG_ANALYZER_NUMBER_OBJECT_CONVERSION = YES_AGGRESSIVE;
				CLANG_CXX_LANGUAGE_STANDARD = "gnu++14";
				CLANG_CXX_LIBRARY = "libc++";
				CLANG_ENABLE_MODULES = YES;
				CLANG_ENABLE_OBJC_ARC = YES;
				CLANG_WARN_BLOCK_CAPTURE_AUTORELEASING = YES;
				CLANG_WARN_BOOL_CONVERSION = YES;
				CLANG_WARN_COMMA = YES;
				CLANG_WARN_CONSTANT_CONVERSION = YES;
				CLANG_WARN_DEPRECATED_OBJC_IMPLEMENTATIONS = YES;
				CLANG_WARN_DIRECT_OBJC_ISA_USAGE = YES_ERROR;
				CLANG_WARN_DOCUMENTATION_COMMENTS = YES;
				CLANG_WARN_EMPTY_BODY = YES;
				CLANG_WARN_ENUM_CONVERSION = YES;
				CLANG_WARN_INFINITE_RECURSION = YES;
				CLANG_WARN_INT_CONVERSION = YES;
				CLANG_WARN_NON_LITERAL_NULL_CONVERSION = YES;
				CLANG_WARN_OBJC_IMPLICIT_RETAIN_SELF = YES;
				CLANG_WARN_OBJC_LITERAL_CONVERSION = YES;
				CLANG_WARN_OBJC_ROOT_CLASS = YES_ERROR;
				CLANG_WARN_RANGE_LOOP_ANALYSIS = YES;
				CLANG_WARN_STRICT_PROTOTYPES = YES;
				CLANG_WARN_SUSPICIOUS_MOVE = YES;
				CLANG_WARN_UNGUARDED_AVAILABILITY = YES_AGGRESSIVE;
				CLANG_WARN_UNREACHABLE_CODE = YES;
				CLANG_WARN__DUPLICATE_METHOD_MATCH = YES;
				CODE_SIGN_IDENTITY = "Mac Developer";
				COPY_PHASE_STRIP = NO;
				DEBUG_INFORMATION_FORMAT = "dwarf-with-dsym";
				ENABLE_NS_ASSERTIONS = NO;
				ENABLE_STRICT_OBJC_MSGSEND = YES;
				GCC_C_LANGUAGE_STANDARD = gnu11;
				GCC_NO_COMMON_BLOCKS = YES;
				GCC_WARN_64_TO_32_BIT_CONVERSION = YES;
				GCC_WARN_ABOUT_RETURN_TYPE = YES_ERROR;
				GCC_WARN_UNDECLARED_SELECTOR = YES;
				GCC_WARN_UNINITIALIZED_AUTOS = YES_AGGRESSIVE;
				GCC_WARN_UNUSED_FUNCTION = YES;
				GCC_WARN_UNUSED_VARIABLE = YES;
				MACOSX_DEPLOYMENT_TARGET = 10.15;
				MTL_ENABLE_DEBUG_INFO = NO;
				SDKROOT = macosx;
				SWIFT_OPTIMIZATION_LEVEL = "-Owholemodule";
			};
			name = Release;
		};
		2CE98BE81F8BA9E500DA9746 /* Debug */ = {
			isa = XCBuildConfiguration;
			buildSettings = {
				CLANG_ENABLE_MODULES = YES;
				CODE_SIGN_IDENTITY = "-";
				CODE_SIGN_STYLE = Automatic;
				DEVELOPMENT_TEAM = 3WTM5PLDUE;
				LD_RUNPATH_SEARCH_PATHS = "$(inherited) @executable_path/../Frameworks @loader_path/../Frameworks";
				PRODUCT_NAME = "$(TARGET_NAME)";
				SWIFT_OPTIMIZATION_LEVEL = "-Onone";
				SWIFT_VERSION = 5.0;
			};
			name = Debug;
		};
		2CE98BE91F8BA9E500DA9746 /* Release */ = {
			isa = XCBuildConfiguration;
			buildSettings = {
				CLANG_ENABLE_MODULES = YES;
				CODE_SIGN_IDENTITY = "-";
				CODE_SIGN_STYLE = Automatic;
				DEVELOPMENT_TEAM = 3WTM5PLDUE;
				LD_RUNPATH_SEARCH_PATHS = "$(inherited) @executable_path/../Frameworks @loader_path/../Frameworks";
				PRODUCT_NAME = "$(TARGET_NAME)";
				SWIFT_VERSION = 5.0;
			};
			name = Release;
		};
/* End XCBuildConfiguration section */

/* Begin XCConfigurationList section */
		2CE98BDB1F8BA9E500DA9746 /* Build configuration list for PBXProject "LeetCode.swift" */ = {
			isa = XCConfigurationList;
			buildConfigurations = (
				2CE98BE51F8BA9E500DA9746 /* Debug */,
				2CE98BE61F8BA9E500DA9746 /* Release */,
			);
			defaultConfigurationIsVisible = 0;
			defaultConfigurationName = Release;
		};
		2CE98BE71F8BA9E500DA9746 /* Build configuration list for PBXNativeTarget "LeetCode.swift" */ = {
			isa = XCConfigurationList;
			buildConfigurations = (
				2CE98BE81F8BA9E500DA9746 /* Debug */,
				2CE98BE91F8BA9E500DA9746 /* Release */,
			);
			defaultConfigurationIsVisible = 0;
			defaultConfigurationName = Release;
		};
/* End XCConfigurationList section */
	};
	rootObject = 2CE98BD81F8BA9E500DA9746 /* Project object */;
}
